// !$*UTF8*$!
{
	archiveVersion = 1;
	classes = {
	};
	objectVersion = 55;
	objects = {

/* Begin PBXBuildFile section */
		A5202FA527C3D77D003B6F3B /* DefaultPictureIngredientRepository.swift in Sources */ = {isa = PBXBuildFile; fileRef = A5202FA427C3D77D003B6F3B /* DefaultPictureIngredientRepository.swift */; };
		A5202FA727C3D915003B6F3B /* Ingredient.swift in Sources */ = {isa = PBXBuildFile; fileRef = A5202FA627C3D915003B6F3B /* Ingredient.swift */; };
		A5202FAA27C3DA6E003B6F3B /* FakePictureIngredientRepository.swift in Sources */ = {isa = PBXBuildFile; fileRef = A5202FA927C3DA6E003B6F3B /* FakePictureIngredientRepository.swift */; };
		A5202FAF27C3DED6003B6F3B /* AlertMessagePresent.swift in Sources */ = {isa = PBXBuildFile; fileRef = A5202FAE27C3DED6003B6F3B /* AlertMessagePresent.swift */; };
		A5202FB027C3E023003B6F3B /* AlertMessage.swift in Sources */ = {isa = PBXBuildFile; fileRef = A5202FAB27C3DD16003B6F3B /* AlertMessage.swift */; };
		A542AD5E27C3727100899B89 /* PromiseKit in Frameworks */ = {isa = PBXBuildFile; productRef = A542AD5D27C3727100899B89 /* PromiseKit */; };
		A542AD6027C3728E00899B89 /* PromiseKit in Frameworks */ = {isa = PBXBuildFile; productRef = A542AD5F27C3728E00899B89 /* PromiseKit */; };
		A542AD6227C3729300899B89 /* PromiseKit in Frameworks */ = {isa = PBXBuildFile; productRef = A542AD6127C3729300899B89 /* PromiseKit */; };
		A542AD6427C3729700899B89 /* PromiseKit in Frameworks */ = {isa = PBXBuildFile; productRef = A542AD6327C3729700899B89 /* PromiseKit */; };
		A542AD6627C3748200899B89 /* NiblessView.swift in Sources */ = {isa = PBXBuildFile; fileRef = A542AD6527C3748200899B89 /* NiblessView.swift */; };
		A542AD6827C3885200899B89 /* PictureIngredientRootView.swift in Sources */ = {isa = PBXBuildFile; fileRef = A542AD6727C3885200899B89 /* PictureIngredientRootView.swift */; };
		A542AD7127C3898200899B89 /* Network.swift in Sources */ = {isa = PBXBuildFile; fileRef = A542AD6E27C3896700899B89 /* Network.swift */; };
		A542AD7427C38A3000899B89 /* NetworkError.swift in Sources */ = {isa = PBXBuildFile; fileRef = A542AD7327C38A3000899B89 /* NetworkError.swift */; };
		A542AD7727C38AE200899B89 /* TokenUtil.swift in Sources */ = {isa = PBXBuildFile; fileRef = A542AD7627C38AE200899B89 /* TokenUtil.swift */; };
		A542AD7927C38B1500899B89 /* Token.swift in Sources */ = {isa = PBXBuildFile; fileRef = A542AD7827C38B1500899B89 /* Token.swift */; };
		A542AD7F27C3B8A600899B89 /* PictureIngredientRepository.swift in Sources */ = {isa = PBXBuildFile; fileRef = A542AD7E27C3B8A600899B89 /* PictureIngredientRepository.swift */; };
		A5C3A3D227C3F6F100A2C428 /* UserSession.swift in Sources */ = {isa = PBXBuildFile; fileRef = A5C3A3D127C3F6F100A2C428 /* UserSession.swift */; };
		A5C3A3D527C3F81400A2C428 /* ProfileViewController.swift in Sources */ = {isa = PBXBuildFile; fileRef = A5C3A3D427C3F81400A2C428 /* ProfileViewController.swift */; };
		A5D0AAAB27C361B3003E8681 /* PictureIngredientViewModel.swift in Sources */ = {isa = PBXBuildFile; fileRef = A5D0AAAA27C361B3003E8681 /* PictureIngredientViewModel.swift */; };
		A5D0AAB627C36DF1003E8681 /* ReciptopiaDependency.swift in Sources */ = {isa = PBXBuildFile; fileRef = A5D0AAB527C36DF1003E8681 /* ReciptopiaDependency.swift */; };
		A5D0AAB827C36E09003E8681 /* NiblessViewController.swift in Sources */ = {isa = PBXBuildFile; fileRef = A5D0AAB727C36E09003E8681 /* NiblessViewController.swift */; };
		A5D0AABA27C37158003E8681 /* PictureIngredientViewController.swift in Sources */ = {isa = PBXBuildFile; fileRef = A5D0AAB927C37158003E8681 /* PictureIngredientViewController.swift */; };
		A5F69F2927C29F63009CDB05 /* AppDelegate.swift in Sources */ = {isa = PBXBuildFile; fileRef = A5F69F2827C29F63009CDB05 /* AppDelegate.swift */; };
		A5F69F3227C29F64009CDB05 /* Assets.xcassets in Resources */ = {isa = PBXBuildFile; fileRef = A5F69F3127C29F64009CDB05 /* Assets.xcassets */; };
		A5F69F3527C29F64009CDB05 /* LaunchScreen.storyboard in Resources */ = {isa = PBXBuildFile; fileRef = A5F69F3327C29F64009CDB05 /* LaunchScreen.storyboard */; };
		A5F6A07B27C2AF09009CDB05 /* Reciptopia_iOS.h in Headers */ = {isa = PBXBuildFile; fileRef = A5F6A07A27C2AF09009CDB05 /* Reciptopia_iOS.h */; settings = {ATTRIBUTES = (Public, ); }; };
		A5F6A07E27C2AF09009CDB05 /* Reciptopia_iOS.framework in Frameworks */ = {isa = PBXBuildFile; fileRef = A5F6A07827C2AF09009CDB05 /* Reciptopia_iOS.framework */; };
		A5F6A07F27C2AF09009CDB05 /* Reciptopia_iOS.framework in Embed Frameworks */ = {isa = PBXBuildFile; fileRef = A5F6A07827C2AF09009CDB05 /* Reciptopia_iOS.framework */; settings = {ATTRIBUTES = (CodeSignOnCopy, RemoveHeadersOnCopy, ); }; };
		A5F6A08B27C2AF1F009CDB05 /* Reciptopia_UIKit.h in Headers */ = {isa = PBXBuildFile; fileRef = A5F6A08A27C2AF1F009CDB05 /* Reciptopia_UIKit.h */; settings = {ATTRIBUTES = (Public, ); }; };
		A5F6A08E27C2AF1F009CDB05 /* Reciptopia_UIKit.framework in Frameworks */ = {isa = PBXBuildFile; fileRef = A5F6A08827C2AF1F009CDB05 /* Reciptopia_UIKit.framework */; };
		A5F6A08F27C2AF1F009CDB05 /* Reciptopia_UIKit.framework in Embed Frameworks */ = {isa = PBXBuildFile; fileRef = A5F6A08827C2AF1F009CDB05 /* Reciptopia_UIKit.framework */; settings = {ATTRIBUTES = (CodeSignOnCopy, RemoveHeadersOnCopy, ); }; };
		A5F6A09B27C2AF2D009CDB05 /* ReciptopiaKit.h in Headers */ = {isa = PBXBuildFile; fileRef = A5F6A09A27C2AF2D009CDB05 /* ReciptopiaKit.h */; settings = {ATTRIBUTES = (Public, ); }; };
		A5F6A09E27C2AF2D009CDB05 /* ReciptopiaKit.framework in Frameworks */ = {isa = PBXBuildFile; fileRef = A5F6A09827C2AF2D009CDB05 /* ReciptopiaKit.framework */; };
		A5F6A09F27C2AF2D009CDB05 /* ReciptopiaKit.framework in Embed Frameworks */ = {isa = PBXBuildFile; fileRef = A5F6A09827C2AF2D009CDB05 /* ReciptopiaKit.framework */; settings = {ATTRIBUTES = (CodeSignOnCopy, RemoveHeadersOnCopy, ); }; };
/* End PBXBuildFile section */

/* Begin PBXContainerItemProxy section */
		A5F6A07C27C2AF09009CDB05 /* PBXContainerItemProxy */ = {
			isa = PBXContainerItemProxy;
			containerPortal = A5F69F1D27C29F63009CDB05 /* Project object */;
			proxyType = 1;
			remoteGlobalIDString = A5F6A07727C2AF09009CDB05;
			remoteInfo = Reciptopia_iOS;
		};
		A5F6A08C27C2AF1F009CDB05 /* PBXContainerItemProxy */ = {
			isa = PBXContainerItemProxy;
			containerPortal = A5F69F1D27C29F63009CDB05 /* Project object */;
			proxyType = 1;
			remoteGlobalIDString = A5F6A08727C2AF1F009CDB05;
			remoteInfo = Reciptopia_UIKit;
		};
		A5F6A09C27C2AF2D009CDB05 /* PBXContainerItemProxy */ = {
			isa = PBXContainerItemProxy;
			containerPortal = A5F69F1D27C29F63009CDB05 /* Project object */;
			proxyType = 1;
			remoteGlobalIDString = A5F6A09727C2AF2D009CDB05;
			remoteInfo = ReciptopiaKit;
		};
/* End PBXContainerItemProxy section */

/* Begin PBXCopyFilesBuildPhase section */
		A5F6A07027C2A38D009CDB05 /* Embed Frameworks */ = {
			isa = PBXCopyFilesBuildPhase;
			buildActionMask = 2147483647;
			dstPath = "";
			dstSubfolderSpec = 10;
			files = (
				A5F6A07F27C2AF09009CDB05 /* Reciptopia_iOS.framework in Embed Frameworks */,
				A5F6A08F27C2AF1F009CDB05 /* Reciptopia_UIKit.framework in Embed Frameworks */,
				A5F6A09F27C2AF2D009CDB05 /* ReciptopiaKit.framework in Embed Frameworks */,
			);
			name = "Embed Frameworks";
			runOnlyForDeploymentPostprocessing = 0;
		};
/* End PBXCopyFilesBuildPhase section */

/* Begin PBXFileReference section */
		A5202FA427C3D77D003B6F3B /* DefaultPictureIngredientRepository.swift */ = {isa = PBXFileReference; lastKnownFileType = sourcecode.swift; path = DefaultPictureIngredientRepository.swift; sourceTree = "<group>"; };
		A5202FA627C3D915003B6F3B /* Ingredient.swift */ = {isa = PBXFileReference; lastKnownFileType = sourcecode.swift; path = Ingredient.swift; sourceTree = "<group>"; };
		A5202FA927C3DA6E003B6F3B /* FakePictureIngredientRepository.swift */ = {isa = PBXFileReference; lastKnownFileType = sourcecode.swift; path = FakePictureIngredientRepository.swift; sourceTree = "<group>"; };
		A5202FAB27C3DD16003B6F3B /* AlertMessage.swift */ = {isa = PBXFileReference; lastKnownFileType = sourcecode.swift; path = AlertMessage.swift; sourceTree = "<group>"; };
		A5202FAE27C3DED6003B6F3B /* AlertMessagePresent.swift */ = {isa = PBXFileReference; lastKnownFileType = sourcecode.swift; path = AlertMessagePresent.swift; sourceTree = "<group>"; };
		A542AD6527C3748200899B89 /* NiblessView.swift */ = {isa = PBXFileReference; lastKnownFileType = sourcecode.swift; path = NiblessView.swift; sourceTree = "<group>"; };
		A542AD6727C3885200899B89 /* PictureIngredientRootView.swift */ = {isa = PBXFileReference; lastKnownFileType = sourcecode.swift; path = PictureIngredientRootView.swift; sourceTree = "<group>"; };
		A542AD6E27C3896700899B89 /* Network.swift */ = {isa = PBXFileReference; lastKnownFileType = sourcecode.swift; path = Network.swift; sourceTree = "<group>"; };
		A542AD7327C38A3000899B89 /* NetworkError.swift */ = {isa = PBXFileReference; lastKnownFileType = sourcecode.swift; path = NetworkError.swift; sourceTree = "<group>"; };
		A542AD7627C38AE200899B89 /* TokenUtil.swift */ = {isa = PBXFileReference; lastKnownFileType = sourcecode.swift; path = TokenUtil.swift; sourceTree = "<group>"; };
		A542AD7827C38B1500899B89 /* Token.swift */ = {isa = PBXFileReference; lastKnownFileType = sourcecode.swift; path = Token.swift; sourceTree = "<group>"; };
		A542AD7E27C3B8A600899B89 /* PictureIngredientRepository.swift */ = {isa = PBXFileReference; lastKnownFileType = sourcecode.swift; path = PictureIngredientRepository.swift; sourceTree = "<group>"; };
		A5C3A3D127C3F6F100A2C428 /* UserSession.swift */ = {isa = PBXFileReference; lastKnownFileType = sourcecode.swift; path = UserSession.swift; sourceTree = "<group>"; };
		A5C3A3D427C3F81400A2C428 /* ProfileViewController.swift */ = {isa = PBXFileReference; lastKnownFileType = sourcecode.swift; path = ProfileViewController.swift; sourceTree = "<group>"; };
		A5D0AAAA27C361B3003E8681 /* PictureIngredientViewModel.swift */ = {isa = PBXFileReference; lastKnownFileType = sourcecode.swift; path = PictureIngredientViewModel.swift; sourceTree = "<group>"; };
		A5D0AAB527C36DF1003E8681 /* ReciptopiaDependency.swift */ = {isa = PBXFileReference; lastKnownFileType = sourcecode.swift; path = ReciptopiaDependency.swift; sourceTree = "<group>"; };
		A5D0AAB727C36E09003E8681 /* NiblessViewController.swift */ = {isa = PBXFileReference; lastKnownFileType = sourcecode.swift; path = NiblessViewController.swift; sourceTree = "<group>"; };
		A5D0AAB927C37158003E8681 /* PictureIngredientViewController.swift */ = {isa = PBXFileReference; lastKnownFileType = sourcecode.swift; path = PictureIngredientViewController.swift; sourceTree = "<group>"; };
		A5F69F2527C29F63009CDB05 /* Reciptopia.app */ = {isa = PBXFileReference; explicitFileType = wrapper.application; includeInIndex = 0; path = Reciptopia.app; sourceTree = BUILT_PRODUCTS_DIR; };
		A5F69F2827C29F63009CDB05 /* AppDelegate.swift */ = {isa = PBXFileReference; lastKnownFileType = sourcecode.swift; path = AppDelegate.swift; sourceTree = "<group>"; };
		A5F69F3127C29F64009CDB05 /* Assets.xcassets */ = {isa = PBXFileReference; lastKnownFileType = folder.assetcatalog; path = Assets.xcassets; sourceTree = "<group>"; };
		A5F69F3427C29F64009CDB05 /* Base */ = {isa = PBXFileReference; lastKnownFileType = file.storyboard; name = Base; path = Base.lproj/LaunchScreen.storyboard; sourceTree = "<group>"; };
		A5F69F3627C29F64009CDB05 /* Info.plist */ = {isa = PBXFileReference; lastKnownFileType = text.plist.xml; path = Info.plist; sourceTree = "<group>"; };
		A5F6A07827C2AF09009CDB05 /* Reciptopia_iOS.framework */ = {isa = PBXFileReference; explicitFileType = wrapper.framework; includeInIndex = 0; path = Reciptopia_iOS.framework; sourceTree = BUILT_PRODUCTS_DIR; };
		A5F6A07A27C2AF09009CDB05 /* Reciptopia_iOS.h */ = {isa = PBXFileReference; lastKnownFileType = sourcecode.c.h; path = Reciptopia_iOS.h; sourceTree = "<group>"; };
		A5F6A08827C2AF1F009CDB05 /* Reciptopia_UIKit.framework */ = {isa = PBXFileReference; explicitFileType = wrapper.framework; includeInIndex = 0; path = Reciptopia_UIKit.framework; sourceTree = BUILT_PRODUCTS_DIR; };
		A5F6A08A27C2AF1F009CDB05 /* Reciptopia_UIKit.h */ = {isa = PBXFileReference; lastKnownFileType = sourcecode.c.h; path = Reciptopia_UIKit.h; sourceTree = "<group>"; };
		A5F6A09827C2AF2D009CDB05 /* ReciptopiaKit.framework */ = {isa = PBXFileReference; explicitFileType = wrapper.framework; includeInIndex = 0; path = ReciptopiaKit.framework; sourceTree = BUILT_PRODUCTS_DIR; };
		A5F6A09A27C2AF2D009CDB05 /* ReciptopiaKit.h */ = {isa = PBXFileReference; lastKnownFileType = sourcecode.c.h; path = ReciptopiaKit.h; sourceTree = "<group>"; };
/* End PBXFileReference section */

/* Begin PBXFrameworksBuildPhase section */
		A5F69F2227C29F63009CDB05 /* Frameworks */ = {
			isa = PBXFrameworksBuildPhase;
			buildActionMask = 2147483647;
			files = (
				A5F6A07E27C2AF09009CDB05 /* Reciptopia_iOS.framework in Frameworks */,
				A542AD5E27C3727100899B89 /* PromiseKit in Frameworks */,
				A5F6A08E27C2AF1F009CDB05 /* Reciptopia_UIKit.framework in Frameworks */,
				A5F6A09E27C2AF2D009CDB05 /* ReciptopiaKit.framework in Frameworks */,
			);
			runOnlyForDeploymentPostprocessing = 0;
		};
		A5F6A07527C2AF09009CDB05 /* Frameworks */ = {
			isa = PBXFrameworksBuildPhase;
			buildActionMask = 2147483647;
			files = (
				A542AD6027C3728E00899B89 /* PromiseKit in Frameworks */,
			);
			runOnlyForDeploymentPostprocessing = 0;
		};
		A5F6A08527C2AF1F009CDB05 /* Frameworks */ = {
			isa = PBXFrameworksBuildPhase;
			buildActionMask = 2147483647;
			files = (
				A542AD6227C3729300899B89 /* PromiseKit in Frameworks */,
			);
			runOnlyForDeploymentPostprocessing = 0;
		};
		A5F6A09527C2AF2D009CDB05 /* Frameworks */ = {
			isa = PBXFrameworksBuildPhase;
			buildActionMask = 2147483647;
			files = (
				A542AD6427C3729700899B89 /* PromiseKit in Frameworks */,
			);
			runOnlyForDeploymentPostprocessing = 0;
		};
/* End PBXFrameworksBuildPhase section */

/* Begin PBXGroup section */
		A5202FA827C3DA63003B6F3B /* FakeRepository */ = {
			isa = PBXGroup;
			children = (
				A5202FA927C3DA6E003B6F3B /* FakePictureIngredientRepository.swift */,
			);
			path = FakeRepository;
			sourceTree = "<group>";
		};
		A542AD6927C388ED00899B89 /* Model */ = {
			isa = PBXGroup;
			children = (
				A5202FA627C3D915003B6F3B /* Ingredient.swift */,
				A5202FAB27C3DD16003B6F3B /* AlertMessage.swift */,
				A5C3A3D127C3F6F100A2C428 /* UserSession.swift */,
			);
			path = Model;
			sourceTree = "<group>";
		};
		A542AD6D27C3895900899B89 /* Utility */ = {
			isa = PBXGroup;
			children = (
				A542AD7527C38ADB00899B89 /* Token */,
				A542AD7227C38A2500899B89 /* Network */,
			);
			path = Utility;
			sourceTree = "<group>";
		};
		A542AD7227C38A2500899B89 /* Network */ = {
			isa = PBXGroup;
			children = (
				A542AD6E27C3896700899B89 /* Network.swift */,
				A542AD7327C38A3000899B89 /* NetworkError.swift */,
			);
			path = Network;
			sourceTree = "<group>";
		};
		A542AD7527C38ADB00899B89 /* Token */ = {
			isa = PBXGroup;
			children = (
				A542AD7827C38B1500899B89 /* Token.swift */,
				A542AD7627C38AE200899B89 /* TokenUtil.swift */,
			);
			path = Token;
			sourceTree = "<group>";
		};
		A542AD7C27C391EC00899B89 /* Repository */ = {
			isa = PBXGroup;
			children = (
				A5202FA827C3DA63003B6F3B /* FakeRepository */,
				A542AD7D27C3B88200899B89 /* PictureIngredient */,
			);
			path = Repository;
			sourceTree = "<group>";
		};
		A542AD7D27C3B88200899B89 /* PictureIngredient */ = {
			isa = PBXGroup;
			children = (
				A542AD7E27C3B8A600899B89 /* PictureIngredientRepository.swift */,
				A5202FA427C3D77D003B6F3B /* DefaultPictureIngredientRepository.swift */,
			);
			path = PictureIngredient;
			sourceTree = "<group>";
		};
		A5C3A3D327C3F7E000A2C428 /* Profile */ = {
			isa = PBXGroup;
			children = (
				A5C3A3D427C3F81400A2C428 /* ProfileViewController.swift */,
			);
			path = Profile;
			sourceTree = "<group>";
		};
		A5D0AAA027C35DF3003E8681 /* Reusable */ = {
			isa = PBXGroup;
			children = (
				A5D0AAB727C36E09003E8681 /* NiblessViewController.swift */,
				A542AD6527C3748200899B89 /* NiblessView.swift */,
				A5202FAE27C3DED6003B6F3B /* AlertMessagePresent.swift */,
			);
			path = Reusable;
			sourceTree = "<group>";
		};
		A5D0AAA427C36114003E8681 /* PictureIngredient */ = {
			isa = PBXGroup;
			children = (
				A5D0AAB927C37158003E8681 /* PictureIngredientViewController.swift */,
				A542AD6727C3885200899B89 /* PictureIngredientRootView.swift */,
			);
			path = PictureIngredient;
			sourceTree = "<group>";
		};
		A5D0AAA727C3617E003E8681 /* UILayer */ = {
			isa = PBXGroup;
			children = (
				A5D0AAA927C3619E003E8681 /* ViewModel */,
			);
			path = UILayer;
			sourceTree = "<group>";
		};
		A5D0AAA827C36182003E8681 /* DataLayer */ = {
			isa = PBXGroup;
			children = (
				A542AD7C27C391EC00899B89 /* Repository */,
				A542AD6927C388ED00899B89 /* Model */,
			);
			path = DataLayer;
			sourceTree = "<group>";
		};
		A5D0AAA927C3619E003E8681 /* ViewModel */ = {
			isa = PBXGroup;
			children = (
				A5D0AAAA27C361B3003E8681 /* PictureIngredientViewModel.swift */,
			);
			path = ViewModel;
			sourceTree = "<group>";
		};
		A5D0AAAC27C36231003E8681 /* Dependencies */ = {
			isa = PBXGroup;
			children = (
				A5D0AAB527C36DF1003E8681 /* ReciptopiaDependency.swift */,
			);
			path = Dependencies;
			sourceTree = "<group>";
		};
		A5F69F1C27C29F63009CDB05 = {
			isa = PBXGroup;
			children = (
				A5F69F2727C29F63009CDB05 /* Reciptopia */,
				A5F6A07927C2AF09009CDB05 /* Reciptopia_iOS */,
				A5F6A08927C2AF1F009CDB05 /* Reciptopia_UIKit */,
				A5F6A09927C2AF2D009CDB05 /* ReciptopiaKit */,
				A5F69F2627C29F63009CDB05 /* Products */,
				A5F69F6927C2A0B4009CDB05 /* Frameworks */,
			);
			sourceTree = "<group>";
		};
		A5F69F2627C29F63009CDB05 /* Products */ = {
			isa = PBXGroup;
			children = (
				A5F69F2527C29F63009CDB05 /* Reciptopia.app */,
				A5F6A07827C2AF09009CDB05 /* Reciptopia_iOS.framework */,
				A5F6A08827C2AF1F009CDB05 /* Reciptopia_UIKit.framework */,
				A5F6A09827C2AF2D009CDB05 /* ReciptopiaKit.framework */,
			);
			name = Products;
			sourceTree = "<group>";
		};
		A5F69F2727C29F63009CDB05 /* Reciptopia */ = {
			isa = PBXGroup;
			children = (
				A5F69F2827C29F63009CDB05 /* AppDelegate.swift */,
				A5F69F3127C29F64009CDB05 /* Assets.xcassets */,
				A5F69F3327C29F64009CDB05 /* LaunchScreen.storyboard */,
				A5F69F3627C29F64009CDB05 /* Info.plist */,
			);
			path = Reciptopia;
			sourceTree = "<group>";
		};
		A5F69F6927C2A0B4009CDB05 /* Frameworks */ = {
			isa = PBXGroup;
			children = (
			);
			name = Frameworks;
			sourceTree = "<group>";
		};
		A5F6A07927C2AF09009CDB05 /* Reciptopia_iOS */ = {
			isa = PBXGroup;
			children = (
				A5F6A07A27C2AF09009CDB05 /* Reciptopia_iOS.h */,
				A5D0AAAC27C36231003E8681 /* Dependencies */,
				A5C3A3D327C3F7E000A2C428 /* Profile */,
				A5D0AAA427C36114003E8681 /* PictureIngredient */,
			);
			path = Reciptopia_iOS;
			sourceTree = "<group>";
		};
		A5F6A08927C2AF1F009CDB05 /* Reciptopia_UIKit */ = {
			isa = PBXGroup;
			children = (
				A5F6A08A27C2AF1F009CDB05 /* Reciptopia_UIKit.h */,
				A5D0AAA027C35DF3003E8681 /* Reusable */,
			);
			path = Reciptopia_UIKit;
			sourceTree = "<group>";
		};
		A5F6A09927C2AF2D009CDB05 /* ReciptopiaKit */ = {
			isa = PBXGroup;
			children = (
				A5F6A09A27C2AF2D009CDB05 /* ReciptopiaKit.h */,
				A5D0AAA727C3617E003E8681 /* UILayer */,
				A5D0AAA827C36182003E8681 /* DataLayer */,
				A542AD6D27C3895900899B89 /* Utility */,
			);
			path = ReciptopiaKit;
			sourceTree = "<group>";
		};
/* End PBXGroup section */

/* Begin PBXHeadersBuildPhase section */
		A5F6A07327C2AF09009CDB05 /* Headers */ = {
			isa = PBXHeadersBuildPhase;
			buildActionMask = 2147483647;
			files = (
				A5F6A07B27C2AF09009CDB05 /* Reciptopia_iOS.h in Headers */,
			);
			runOnlyForDeploymentPostprocessing = 0;
		};
		A5F6A08327C2AF1F009CDB05 /* Headers */ = {
			isa = PBXHeadersBuildPhase;
			buildActionMask = 2147483647;
			files = (
				A5F6A08B27C2AF1F009CDB05 /* Reciptopia_UIKit.h in Headers */,
			);
			runOnlyForDeploymentPostprocessing = 0;
		};
		A5F6A09327C2AF2D009CDB05 /* Headers */ = {
			isa = PBXHeadersBuildPhase;
			buildActionMask = 2147483647;
			files = (
				A5F6A09B27C2AF2D009CDB05 /* ReciptopiaKit.h in Headers */,
			);
			runOnlyForDeploymentPostprocessing = 0;
		};
/* End PBXHeadersBuildPhase section */

/* Begin PBXNativeTarget section */
		A5F69F2427C29F63009CDB05 /* Reciptopia */ = {
			isa = PBXNativeTarget;
			buildConfigurationList = A5F69F3927C29F64009CDB05 /* Build configuration list for PBXNativeTarget "Reciptopia" */;
			buildPhases = (
				A5F69F2127C29F63009CDB05 /* Sources */,
				A5F69F2227C29F63009CDB05 /* Frameworks */,
				A5F69F2327C29F63009CDB05 /* Resources */,
				A5F6A07027C2A38D009CDB05 /* Embed Frameworks */,
			);
			buildRules = (
			);
			dependencies = (
				A5F6A07D27C2AF09009CDB05 /* PBXTargetDependency */,
				A5F6A08D27C2AF1F009CDB05 /* PBXTargetDependency */,
				A5F6A09D27C2AF2D009CDB05 /* PBXTargetDependency */,
			);
			name = Reciptopia;
			packageProductDependencies = (
				A542AD5D27C3727100899B89 /* PromiseKit */,
			);
			productName = Reciptopia;
			productReference = A5F69F2527C29F63009CDB05 /* Reciptopia.app */;
			productType = "com.apple.product-type.application";
		};
		A5F6A07727C2AF09009CDB05 /* Reciptopia_iOS */ = {
			isa = PBXNativeTarget;
			buildConfigurationList = A5F6A08027C2AF09009CDB05 /* Build configuration list for PBXNativeTarget "Reciptopia_iOS" */;
			buildPhases = (
				A5F6A07327C2AF09009CDB05 /* Headers */,
				A5F6A07427C2AF09009CDB05 /* Sources */,
				A5F6A07527C2AF09009CDB05 /* Frameworks */,
				A5F6A07627C2AF09009CDB05 /* Resources */,
			);
			buildRules = (
			);
			dependencies = (
			);
			name = Reciptopia_iOS;
			packageProductDependencies = (
				A542AD5F27C3728E00899B89 /* PromiseKit */,
			);
			productName = Reciptopia_iOS;
			productReference = A5F6A07827C2AF09009CDB05 /* Reciptopia_iOS.framework */;
			productType = "com.apple.product-type.framework";
		};
		A5F6A08727C2AF1F009CDB05 /* Reciptopia_UIKit */ = {
			isa = PBXNativeTarget;
			buildConfigurationList = A5F6A09027C2AF1F009CDB05 /* Build configuration list for PBXNativeTarget "Reciptopia_UIKit" */;
			buildPhases = (
				A5F6A08327C2AF1F009CDB05 /* Headers */,
				A5F6A08427C2AF1F009CDB05 /* Sources */,
				A5F6A08527C2AF1F009CDB05 /* Frameworks */,
				A5F6A08627C2AF1F009CDB05 /* Resources */,
			);
			buildRules = (
			);
			dependencies = (
			);
			name = Reciptopia_UIKit;
			packageProductDependencies = (
				A542AD6127C3729300899B89 /* PromiseKit */,
			);
			productName = Reciptopia_UIKit;
			productReference = A5F6A08827C2AF1F009CDB05 /* Reciptopia_UIKit.framework */;
			productType = "com.apple.product-type.framework";
		};
		A5F6A09727C2AF2D009CDB05 /* ReciptopiaKit */ = {
			isa = PBXNativeTarget;
			buildConfigurationList = A5F6A0A027C2AF2D009CDB05 /* Build configuration list for PBXNativeTarget "ReciptopiaKit" */;
			buildPhases = (
				A5F6A09327C2AF2D009CDB05 /* Headers */,
				A5F6A09427C2AF2D009CDB05 /* Sources */,
				A5F6A09527C2AF2D009CDB05 /* Frameworks */,
				A5F6A09627C2AF2D009CDB05 /* Resources */,
			);
			buildRules = (
			);
			dependencies = (
			);
			name = ReciptopiaKit;
			packageProductDependencies = (
				A542AD6327C3729700899B89 /* PromiseKit */,
			);
			productName = ReciptopiaKit;
			productReference = A5F6A09827C2AF2D009CDB05 /* ReciptopiaKit.framework */;
			productType = "com.apple.product-type.framework";
		};
/* End PBXNativeTarget section */

/* Begin PBXProject section */
		A5F69F1D27C29F63009CDB05 /* Project object */ = {
			isa = PBXProject;
			attributes = {
				BuildIndependentTargetsInParallel = 1;
				LastSwiftUpdateCheck = 1320;
				LastUpgradeCheck = 1320;
				TargetAttributes = {
					A5F69F2427C29F63009CDB05 = {
						CreatedOnToolsVersion = 13.2.1;
					};
					A5F6A07727C2AF09009CDB05 = {
						CreatedOnToolsVersion = 13.2.1;
						LastSwiftMigration = 1320;
					};
					A5F6A08727C2AF1F009CDB05 = {
						CreatedOnToolsVersion = 13.2.1;
						LastSwiftMigration = 1320;
					};
					A5F6A09727C2AF2D009CDB05 = {
						CreatedOnToolsVersion = 13.2.1;
						LastSwiftMigration = 1320;
					};
				};
			};
			buildConfigurationList = A5F69F2027C29F63009CDB05 /* Build configuration list for PBXProject "Reciptopia" */;
			compatibilityVersion = "Xcode 13.0";
			developmentRegion = en;
			hasScannedForEncodings = 0;
			knownRegions = (
				en,
				Base,
			);
			mainGroup = A5F69F1C27C29F63009CDB05;
			packageReferences = (
				A542AD5C27C3727100899B89 /* XCRemoteSwiftPackageReference "PromiseKit" */,
			);
			productRefGroup = A5F69F2627C29F63009CDB05 /* Products */;
			projectDirPath = "";
			projectRoot = "";
			targets = (
				A5F69F2427C29F63009CDB05 /* Reciptopia */,
				A5F6A07727C2AF09009CDB05 /* Reciptopia_iOS */,
				A5F6A08727C2AF1F009CDB05 /* Reciptopia_UIKit */,
				A5F6A09727C2AF2D009CDB05 /* ReciptopiaKit */,
			);
		};
/* End PBXProject section */

/* Begin PBXResourcesBuildPhase section */
		A5F69F2327C29F63009CDB05 /* Resources */ = {
			isa = PBXResourcesBuildPhase;
			buildActionMask = 2147483647;
			files = (
				A5F69F3527C29F64009CDB05 /* LaunchScreen.storyboard in Resources */,
				A5F69F3227C29F64009CDB05 /* Assets.xcassets in Resources */,
			);
			runOnlyForDeploymentPostprocessing = 0;
		};
		A5F6A07627C2AF09009CDB05 /* Resources */ = {
			isa = PBXResourcesBuildPhase;
			buildActionMask = 2147483647;
			files = (
			);
			runOnlyForDeploymentPostprocessing = 0;
		};
		A5F6A08627C2AF1F009CDB05 /* Resources */ = {
			isa = PBXResourcesBuildPhase;
			buildActionMask = 2147483647;
			files = (
			);
			runOnlyForDeploymentPostprocessing = 0;
		};
		A5F6A09627C2AF2D009CDB05 /* Resources */ = {
			isa = PBXResourcesBuildPhase;
			buildActionMask = 2147483647;
			files = (
			);
			runOnlyForDeploymentPostprocessing = 0;
		};
/* End PBXResourcesBuildPhase section */

/* Begin PBXSourcesBuildPhase section */
		A5F69F2127C29F63009CDB05 /* Sources */ = {
			isa = PBXSourcesBuildPhase;
			buildActionMask = 2147483647;
			files = (
				A5F69F2927C29F63009CDB05 /* AppDelegate.swift in Sources */,
			);
			runOnlyForDeploymentPostprocessing = 0;
		};
		A5F6A07427C2AF09009CDB05 /* Sources */ = {
			isa = PBXSourcesBuildPhase;
			buildActionMask = 2147483647;
			files = (
				A5D0AABA27C37158003E8681 /* PictureIngredientViewController.swift in Sources */,
				A542AD6827C3885200899B89 /* PictureIngredientRootView.swift in Sources */,
				A5C3A3D527C3F81400A2C428 /* ProfileViewController.swift in Sources */,
				A5D0AAB627C36DF1003E8681 /* ReciptopiaDependency.swift in Sources */,
			);
			runOnlyForDeploymentPostprocessing = 0;
		};
		A5F6A08427C2AF1F009CDB05 /* Sources */ = {
			isa = PBXSourcesBuildPhase;
			buildActionMask = 2147483647;
			files = (
				A5D0AAB827C36E09003E8681 /* NiblessViewController.swift in Sources */,
				A542AD6627C3748200899B89 /* NiblessView.swift in Sources */,
				A5202FAF27C3DED6003B6F3B /* AlertMessagePresent.swift in Sources */,
			);
			runOnlyForDeploymentPostprocessing = 0;
		};
		A5F6A09427C2AF2D009CDB05 /* Sources */ = {
			isa = PBXSourcesBuildPhase;
			buildActionMask = 2147483647;
			files = (
				A5202FA727C3D915003B6F3B /* Ingredient.swift in Sources */,
				A542AD7427C38A3000899B89 /* NetworkError.swift in Sources */,
				A5202FAA27C3DA6E003B6F3B /* FakePictureIngredientRepository.swift in Sources */,
				A542AD7927C38B1500899B89 /* Token.swift in Sources */,
				A542AD7727C38AE200899B89 /* TokenUtil.swift in Sources */,
				A542AD7127C3898200899B89 /* Network.swift in Sources */,
				A5C3A3D227C3F6F100A2C428 /* UserSession.swift in Sources */,
				A5202FB027C3E023003B6F3B /* AlertMessage.swift in Sources */,
				A5D0AAAB27C361B3003E8681 /* PictureIngredientViewModel.swift in Sources */,
				A5202FA527C3D77D003B6F3B /* DefaultPictureIngredientRepository.swift in Sources */,
				A542AD7F27C3B8A600899B89 /* PictureIngredientRepository.swift in Sources */,
			);
			runOnlyForDeploymentPostprocessing = 0;
		};
/* End PBXSourcesBuildPhase section */

/* Begin PBXTargetDependency section */
		A5F6A07D27C2AF09009CDB05 /* PBXTargetDependency */ = {
			isa = PBXTargetDependency;
			target = A5F6A07727C2AF09009CDB05 /* Reciptopia_iOS */;
			targetProxy = A5F6A07C27C2AF09009CDB05 /* PBXContainerItemProxy */;
		};
		A5F6A08D27C2AF1F009CDB05 /* PBXTargetDependency */ = {
			isa = PBXTargetDependency;
			target = A5F6A08727C2AF1F009CDB05 /* Reciptopia_UIKit */;
			targetProxy = A5F6A08C27C2AF1F009CDB05 /* PBXContainerItemProxy */;
		};
		A5F6A09D27C2AF2D009CDB05 /* PBXTargetDependency */ = {
			isa = PBXTargetDependency;
			target = A5F6A09727C2AF2D009CDB05 /* ReciptopiaKit */;
			targetProxy = A5F6A09C27C2AF2D009CDB05 /* PBXContainerItemProxy */;
		};
/* End PBXTargetDependency section */

/* Begin PBXVariantGroup section */
		A5F69F3327C29F64009CDB05 /* LaunchScreen.storyboard */ = {
			isa = PBXVariantGroup;
			children = (
				A5F69F3427C29F64009CDB05 /* Base */,
			);
			name = LaunchScreen.storyboard;
			sourceTree = "<group>";
		};
/* End PBXVariantGroup section */

/* Begin XCBuildConfiguration section */
		A5F69F3727C29F64009CDB05 /* Debug */ = {
			isa = XCBuildConfiguration;
			buildSettings = {
				ALWAYS_EMBED_SWIFT_STANDARD_LIBRARIES = YES;
				ALWAYS_SEARCH_USER_PATHS = NO;
				CLANG_ANALYZER_NONNULL = YES;
				CLANG_ANALYZER_NUMBER_OBJECT_CONVERSION = YES_AGGRESSIVE;
				CLANG_CXX_LANGUAGE_STANDARD = "gnu++17";
				CLANG_CXX_LIBRARY = "libc++";
				CLANG_ENABLE_MODULES = YES;
				CLANG_ENABLE_OBJC_ARC = YES;
				CLANG_ENABLE_OBJC_WEAK = YES;
				CLANG_WARN_BLOCK_CAPTURE_AUTORELEASING = YES;
				CLANG_WARN_BOOL_CONVERSION = YES;
				CLANG_WARN_COMMA = YES;
				CLANG_WARN_CONSTANT_CONVERSION = YES;
				CLANG_WARN_DEPRECATED_OBJC_IMPLEMENTATIONS = YES;
				CLANG_WARN_DIRECT_OBJC_ISA_USAGE = YES_ERROR;
				CLANG_WARN_DOCUMENTATION_COMMENTS = YES;
				CLANG_WARN_EMPTY_BODY = YES;
				CLANG_WARN_ENUM_CONVERSION = YES;
				CLANG_WARN_INFINITE_RECURSION = YES;
				CLANG_WARN_INT_CONVERSION = YES;
				CLANG_WARN_NON_LITERAL_NULL_CONVERSION = YES;
				CLANG_WARN_OBJC_IMPLICIT_RETAIN_SELF = YES;
				CLANG_WARN_OBJC_LITERAL_CONVERSION = YES;
				CLANG_WARN_OBJC_ROOT_CLASS = YES_ERROR;
				CLANG_WARN_QUOTED_INCLUDE_IN_FRAMEWORK_HEADER = YES;
				CLANG_WARN_RANGE_LOOP_ANALYSIS = YES;
				CLANG_WARN_STRICT_PROTOTYPES = YES;
				CLANG_WARN_SUSPICIOUS_MOVE = YES;
				CLANG_WARN_UNGUARDED_AVAILABILITY = YES_AGGRESSIVE;
				CLANG_WARN_UNREACHABLE_CODE = YES;
				CLANG_WARN__DUPLICATE_METHOD_MATCH = YES;
				COPY_PHASE_STRIP = NO;
				DEBUG_INFORMATION_FORMAT = dwarf;
				ENABLE_STRICT_OBJC_MSGSEND = YES;
				ENABLE_TESTABILITY = YES;
				EXCLUDED_ARCHS = "";
				GCC_C_LANGUAGE_STANDARD = gnu11;
				GCC_DYNAMIC_NO_PIC = NO;
				GCC_NO_COMMON_BLOCKS = YES;
				GCC_OPTIMIZATION_LEVEL = 0;
				GCC_PREPROCESSOR_DEFINITIONS = (
					"DEBUG=1",
					"$(inherited)",
				);
				GCC_WARN_64_TO_32_BIT_CONVERSION = YES;
				GCC_WARN_ABOUT_RETURN_TYPE = YES_ERROR;
				GCC_WARN_UNDECLARED_SELECTOR = YES;
				GCC_WARN_UNINITIALIZED_AUTOS = YES_AGGRESSIVE;
				GCC_WARN_UNUSED_FUNCTION = YES;
				GCC_WARN_UNUSED_VARIABLE = YES;
				IPHONEOS_DEPLOYMENT_TARGET = 13.0;
				MTL_ENABLE_DEBUG_INFO = INCLUDE_SOURCE;
				MTL_FAST_MATH = YES;
				ONLY_ACTIVE_ARCH = YES;
				SDKROOT = iphoneos;
				SWIFT_ACTIVE_COMPILATION_CONDITIONS = DEBUG;
				SWIFT_OPTIMIZATION_LEVEL = "-Onone";
			};
			name = Debug;
		};
		A5F69F3827C29F64009CDB05 /* Release */ = {
			isa = XCBuildConfiguration;
			buildSettings = {
				ALWAYS_EMBED_SWIFT_STANDARD_LIBRARIES = YES;
				ALWAYS_SEARCH_USER_PATHS = NO;
				CLANG_ANALYZER_NONNULL = YES;
				CLANG_ANALYZER_NUMBER_OBJECT_CONVERSION = YES_AGGRESSIVE;
				CLANG_CXX_LANGUAGE_STANDARD = "gnu++17";
				CLANG_CXX_LIBRARY = "libc++";
				CLANG_ENABLE_MODULES = YES;
				CLANG_ENABLE_OBJC_ARC = YES;
				CLANG_ENABLE_OBJC_WEAK = YES;
				CLANG_WARN_BLOCK_CAPTURE_AUTORELEASING = YES;
				CLANG_WARN_BOOL_CONVERSION = YES;
				CLANG_WARN_COMMA = YES;
				CLANG_WARN_CONSTANT_CONVERSION = YES;
				CLANG_WARN_DEPRECATED_OBJC_IMPLEMENTATIONS = YES;
				CLANG_WARN_DIRECT_OBJC_ISA_USAGE = YES_ERROR;
				CLANG_WARN_DOCUMENTATION_COMMENTS = YES;
				CLANG_WARN_EMPTY_BODY = YES;
				CLANG_WARN_ENUM_CONVERSION = YES;
				CLANG_WARN_INFINITE_RECURSION = YES;
				CLANG_WARN_INT_CONVERSION = YES;
				CLANG_WARN_NON_LITERAL_NULL_CONVERSION = YES;
				CLANG_WARN_OBJC_IMPLICIT_RETAIN_SELF = YES;
				CLANG_WARN_OBJC_LITERAL_CONVERSION = YES;
				CLANG_WARN_OBJC_ROOT_CLASS = YES_ERROR;
				CLANG_WARN_QUOTED_INCLUDE_IN_FRAMEWORK_HEADER = YES;
				CLANG_WARN_RANGE_LOOP_ANALYSIS = YES;
				CLANG_WARN_STRICT_PROTOTYPES = YES;
				CLANG_WARN_SUSPICIOUS_MOVE = YES;
				CLANG_WARN_UNGUARDED_AVAILABILITY = YES_AGGRESSIVE;
				CLANG_WARN_UNREACHABLE_CODE = YES;
				CLANG_WARN__DUPLICATE_METHOD_MATCH = YES;
				COPY_PHASE_STRIP = NO;
				DEBUG_INFORMATION_FORMAT = "dwarf-with-dsym";
				ENABLE_NS_ASSERTIONS = NO;
				ENABLE_STRICT_OBJC_MSGSEND = YES;
				EXCLUDED_ARCHS = "";
				GCC_C_LANGUAGE_STANDARD = gnu11;
				GCC_NO_COMMON_BLOCKS = YES;
				GCC_WARN_64_TO_32_BIT_CONVERSION = YES;
				GCC_WARN_ABOUT_RETURN_TYPE = YES_ERROR;
				GCC_WARN_UNDECLARED_SELECTOR = YES;
				GCC_WARN_UNINITIALIZED_AUTOS = YES_AGGRESSIVE;
				GCC_WARN_UNUSED_FUNCTION = YES;
				GCC_WARN_UNUSED_VARIABLE = YES;
				IPHONEOS_DEPLOYMENT_TARGET = 13.0;
				MTL_ENABLE_DEBUG_INFO = NO;
				MTL_FAST_MATH = YES;
				SDKROOT = iphoneos;
				SWIFT_COMPILATION_MODE = wholemodule;
				SWIFT_OPTIMIZATION_LEVEL = "-O";
			};
			name = Release;
		};
		A5F69F3A27C29F64009CDB05 /* Debug */ = {
			isa = XCBuildConfiguration;
			buildSettings = {
				ALWAYS_EMBED_SWIFT_STANDARD_LIBRARIES = YES;
				ASSETCATALOG_COMPILER_APPICON_NAME = AppIcon;
				ASSETCATALOG_COMPILER_GLOBAL_ACCENT_COLOR_NAME = AccentColor;
				CODE_SIGN_STYLE = Automatic;
				CURRENT_PROJECT_VERSION = 1;
				DEVELOPMENT_TEAM = GTB6BR222W;
				GENERATE_INFOPLIST_FILE = YES;
				INFOPLIST_FILE = Reciptopia/Info.plist;
				INFOPLIST_KEY_UIApplicationSupportsIndirectInputEvents = YES;
				INFOPLIST_KEY_UILaunchStoryboardName = LaunchScreen;
				INFOPLIST_KEY_UISupportedInterfaceOrientations_iPad = "UIInterfaceOrientationPortrait UIInterfaceOrientationPortraitUpsideDown UIInterfaceOrientationLandscapeLeft UIInterfaceOrientationLandscapeRight";
				INFOPLIST_KEY_UISupportedInterfaceOrientations_iPhone = "UIInterfaceOrientationPortrait UIInterfaceOrientationLandscapeLeft UIInterfaceOrientationLandscapeRight";
				LD_RUNPATH_SEARCH_PATHS = (
					"$(inherited)",
					"@executable_path/Frameworks",
				);
				MARKETING_VERSION = 1.0;
				PRODUCT_BUNDLE_IDENTIFIER = com.Harry.Reciptopia;
				PRODUCT_NAME = "$(TARGET_NAME)";
				SWIFT_EMIT_LOC_STRINGS = YES;
				SWIFT_VERSION = 5.0;
				TARGETED_DEVICE_FAMILY = "1,2";
			};
			name = Debug;
		};
		A5F69F3B27C29F64009CDB05 /* Release */ = {
			isa = XCBuildConfiguration;
			buildSettings = {
				ALWAYS_EMBED_SWIFT_STANDARD_LIBRARIES = YES;
				ASSETCATALOG_COMPILER_APPICON_NAME = AppIcon;
				ASSETCATALOG_COMPILER_GLOBAL_ACCENT_COLOR_NAME = AccentColor;
				CODE_SIGN_STYLE = Automatic;
				CURRENT_PROJECT_VERSION = 1;
				DEVELOPMENT_TEAM = GTB6BR222W;
				GENERATE_INFOPLIST_FILE = YES;
				INFOPLIST_FILE = Reciptopia/Info.plist;
				INFOPLIST_KEY_UIApplicationSupportsIndirectInputEvents = YES;
				INFOPLIST_KEY_UILaunchStoryboardName = LaunchScreen;
				INFOPLIST_KEY_UISupportedInterfaceOrientations_iPad = "UIInterfaceOrientationPortrait UIInterfaceOrientationPortraitUpsideDown UIInterfaceOrientationLandscapeLeft UIInterfaceOrientationLandscapeRight";
				INFOPLIST_KEY_UISupportedInterfaceOrientations_iPhone = "UIInterfaceOrientationPortrait UIInterfaceOrientationLandscapeLeft UIInterfaceOrientationLandscapeRight";
				LD_RUNPATH_SEARCH_PATHS = (
					"$(inherited)",
					"@executable_path/Frameworks",
				);
				MARKETING_VERSION = 1.0;
				PRODUCT_BUNDLE_IDENTIFIER = com.Harry.Reciptopia;
				PRODUCT_NAME = "$(TARGET_NAME)";
				SWIFT_EMIT_LOC_STRINGS = YES;
				SWIFT_VERSION = 5.0;
				TARGETED_DEVICE_FAMILY = "1,2";
			};
			name = Release;
		};
		A5F6A08127C2AF09009CDB05 /* Debug */ = {
			isa = XCBuildConfiguration;
			buildSettings = {
				ALWAYS_EMBED_SWIFT_STANDARD_LIBRARIES = YES;
				CLANG_ENABLE_MODULES = YES;
				CODE_SIGN_STYLE = Automatic;
				CURRENT_PROJECT_VERSION = 1;
				DEFINES_MODULE = YES;
				DEVELOPMENT_TEAM = GTB6BR222W;
				DYLIB_COMPATIBILITY_VERSION = 1;
				DYLIB_CURRENT_VERSION = 1;
				DYLIB_INSTALL_NAME_BASE = "@rpath";
				GENERATE_INFOPLIST_FILE = YES;
				INFOPLIST_KEY_NSHumanReadableCopyright = "";
				INSTALL_PATH = "$(LOCAL_LIBRARY_DIR)/Frameworks";
				IPHONEOS_DEPLOYMENT_TARGET = 13.0;
				LD_RUNPATH_SEARCH_PATHS = (
					"$(inherited)",
					"@executable_path/Frameworks",
					"@loader_path/Frameworks",
				);
				MARKETING_VERSION = 1.0;
				PRODUCT_BUNDLE_IDENTIFIER = "com.Harry.Reciptopia-iOS";
				PRODUCT_NAME = "$(TARGET_NAME:c99extidentifier)";
				SKIP_INSTALL = YES;
				SWIFT_EMIT_LOC_STRINGS = YES;
				SWIFT_OPTIMIZATION_LEVEL = "-Onone";
				SWIFT_VERSION = 5.0;
				TARGETED_DEVICE_FAMILY = "1,2";
				VERSIONING_SYSTEM = "apple-generic";
				VERSION_INFO_PREFIX = "";
			};
			name = Debug;
		};
		A5F6A08227C2AF09009CDB05 /* Release */ = {
			isa = XCBuildConfiguration;
			buildSettings = {
				ALWAYS_EMBED_SWIFT_STANDARD_LIBRARIES = YES;
				CLANG_ENABLE_MODULES = YES;
				CODE_SIGN_STYLE = Automatic;
				CURRENT_PROJECT_VERSION = 1;
				DEFINES_MODULE = YES;
				DEVELOPMENT_TEAM = GTB6BR222W;
				DYLIB_COMPATIBILITY_VERSION = 1;
				DYLIB_CURRENT_VERSION = 1;
				DYLIB_INSTALL_NAME_BASE = "@rpath";
				GENERATE_INFOPLIST_FILE = YES;
				INFOPLIST_KEY_NSHumanReadableCopyright = "";
				INSTALL_PATH = "$(LOCAL_LIBRARY_DIR)/Frameworks";
				IPHONEOS_DEPLOYMENT_TARGET = 13.0;
				LD_RUNPATH_SEARCH_PATHS = (
					"$(inherited)",
					"@executable_path/Frameworks",
					"@loader_path/Frameworks",
				);
				MARKETING_VERSION = 1.0;
				PRODUCT_BUNDLE_IDENTIFIER = "com.Harry.Reciptopia-iOS";
				PRODUCT_NAME = "$(TARGET_NAME:c99extidentifier)";
				SKIP_INSTALL = YES;
				SWIFT_EMIT_LOC_STRINGS = YES;
				SWIFT_VERSION = 5.0;
				TARGETED_DEVICE_FAMILY = "1,2";
				VERSIONING_SYSTEM = "apple-generic";
				VERSION_INFO_PREFIX = "";
			};
			name = Release;
		};
		A5F6A09127C2AF1F009CDB05 /* Debug */ = {
			isa = XCBuildConfiguration;
			buildSettings = {
				ALWAYS_EMBED_SWIFT_STANDARD_LIBRARIES = YES;
				CLANG_ENABLE_MODULES = YES;
				CODE_SIGN_STYLE = Automatic;
				CURRENT_PROJECT_VERSION = 1;
				DEFINES_MODULE = YES;
				DEVELOPMENT_TEAM = GTB6BR222W;
				DYLIB_COMPATIBILITY_VERSION = 1;
				DYLIB_CURRENT_VERSION = 1;
				DYLIB_INSTALL_NAME_BASE = "@rpath";
				GENERATE_INFOPLIST_FILE = YES;
				INFOPLIST_KEY_NSHumanReadableCopyright = "";
				INSTALL_PATH = "$(LOCAL_LIBRARY_DIR)/Frameworks";
				IPHONEOS_DEPLOYMENT_TARGET = 13.0;
				LD_RUNPATH_SEARCH_PATHS = (
					"$(inherited)",
					"@executable_path/Frameworks",
					"@loader_path/Frameworks",
				);
				MARKETING_VERSION = 1.0;
				PRODUCT_BUNDLE_IDENTIFIER = "com.Harry.Reciptopia-UIKit";
				PRODUCT_NAME = "$(TARGET_NAME:c99extidentifier)";
				SKIP_INSTALL = YES;
				SWIFT_EMIT_LOC_STRINGS = YES;
				SWIFT_OPTIMIZATION_LEVEL = "-Onone";
				SWIFT_VERSION = 5.0;
				TARGETED_DEVICE_FAMILY = "1,2";
				VERSIONING_SYSTEM = "apple-generic";
				VERSION_INFO_PREFIX = "";
			};
			name = Debug;
		};
		A5F6A09227C2AF1F009CDB05 /* Release */ = {
			isa = XCBuildConfiguration;
			buildSettings = {
				ALWAYS_EMBED_SWIFT_STANDARD_LIBRARIES = YES;
				CLANG_ENABLE_MODULES = YES;
				CODE_SIGN_STYLE = Automatic;
				CURRENT_PROJECT_VERSION = 1;
				DEFINES_MODULE = YES;
				DEVELOPMENT_TEAM = GTB6BR222W;
				DYLIB_COMPATIBILITY_VERSION = 1;
				DYLIB_CURRENT_VERSION = 1;
				DYLIB_INSTALL_NAME_BASE = "@rpath";
				GENERATE_INFOPLIST_FILE = YES;
				INFOPLIST_KEY_NSHumanReadableCopyright = "";
				INSTALL_PATH = "$(LOCAL_LIBRARY_DIR)/Frameworks";
				IPHONEOS_DEPLOYMENT_TARGET = 13.0;
				LD_RUNPATH_SEARCH_PATHS = (
					"$(inherited)",
					"@executable_path/Frameworks",
					"@loader_path/Frameworks",
				);
				MARKETING_VERSION = 1.0;
				PRODUCT_BUNDLE_IDENTIFIER = "com.Harry.Reciptopia-UIKit";
				PRODUCT_NAME = "$(TARGET_NAME:c99extidentifier)";
				SKIP_INSTALL = YES;
				SWIFT_EMIT_LOC_STRINGS = YES;
				SWIFT_VERSION = 5.0;
				TARGETED_DEVICE_FAMILY = "1,2";
				VERSIONING_SYSTEM = "apple-generic";
				VERSION_INFO_PREFIX = "";
			};
			name = Release;
		};
		A5F6A0A127C2AF2D009CDB05 /* Debug */ = {
			isa = XCBuildConfiguration;
			buildSettings = {
				ALWAYS_EMBED_SWIFT_STANDARD_LIBRARIES = YES;
				CLANG_ENABLE_MODULES = YES;
				CODE_SIGN_STYLE = Automatic;
				CURRENT_PROJECT_VERSION = 1;
				DEFINES_MODULE = YES;
				DEVELOPMENT_TEAM = GTB6BR222W;
				DYLIB_COMPATIBILITY_VERSION = 1;
				DYLIB_CURRENT_VERSION = 1;
				DYLIB_INSTALL_NAME_BASE = "@rpath";
				GENERATE_INFOPLIST_FILE = YES;
				INFOPLIST_KEY_NSHumanReadableCopyright = "";
				INSTALL_PATH = "$(LOCAL_LIBRARY_DIR)/Frameworks";
				IPHONEOS_DEPLOYMENT_TARGET = 13.0;
				LD_RUNPATH_SEARCH_PATHS = (
					"$(inherited)",
					"@executable_path/Frameworks",
					"@loader_path/Frameworks",
				);
				MARKETING_VERSION = 1.0;
				PRODUCT_BUNDLE_IDENTIFIER = com.Harry.ReciptopiaKit;
				PRODUCT_NAME = "$(TARGET_NAME:c99extidentifier)";
				SKIP_INSTALL = YES;
				SWIFT_EMIT_LOC_STRINGS = YES;
				SWIFT_OPTIMIZATION_LEVEL = "-Onone";
				SWIFT_VERSION = 5.0;
				TARGETED_DEVICE_FAMILY = "1,2";
				VERSIONING_SYSTEM = "apple-generic";
				VERSION_INFO_PREFIX = "";
			};
			name = Debug;
		};
		A5F6A0A227C2AF2D009CDB05 /* Release */ = {
			isa = XCBuildConfiguration;
			buildSettings = {
				ALWAYS_EMBED_SWIFT_STANDARD_LIBRARIES = YES;
				CLANG_ENABLE_MODULES = YES;
				CODE_SIGN_STYLE = Automatic;
				CURRENT_PROJECT_VERSION = 1;
				DEFINES_MODULE = YES;
				DEVELOPMENT_TEAM = GTB6BR222W;
				DYLIB_COMPATIBILITY_VERSION = 1;
				DYLIB_CURRENT_VERSION = 1;
				DYLIB_INSTALL_NAME_BASE = "@rpath";
				GENERATE_INFOPLIST_FILE = YES;
				INFOPLIST_KEY_NSHumanReadableCopyright = "";
				INSTALL_PATH = "$(LOCAL_LIBRARY_DIR)/Frameworks";
				IPHONEOS_DEPLOYMENT_TARGET = 13.0;
				LD_RUNPATH_SEARCH_PATHS = (
					"$(inherited)",
					"@executable_path/Frameworks",
					"@loader_path/Frameworks",
				);
				MARKETING_VERSION = 1.0;
				PRODUCT_BUNDLE_IDENTIFIER = com.Harry.ReciptopiaKit;
				PRODUCT_NAME = "$(TARGET_NAME:c99extidentifier)";
				SKIP_INSTALL = YES;
				SWIFT_EMIT_LOC_STRINGS = YES;
				SWIFT_VERSION = 5.0;
				TARGETED_DEVICE_FAMILY = "1,2";
				VERSIONING_SYSTEM = "apple-generic";
				VERSION_INFO_PREFIX = "";
			};
			name = Release;
		};
/* End XCBuildConfiguration section */

/* Begin XCConfigurationList section */
		A5F69F2027C29F63009CDB05 /* Build configuration list for PBXProject "Reciptopia" */ = {
			isa = XCConfigurationList;
			buildConfigurations = (
				A5F69F3727C29F64009CDB05 /* Debug */,
				A5F69F3827C29F64009CDB05 /* Release */,
			);
			defaultConfigurationIsVisible = 0;
			defaultConfigurationName = Release;
		};
		A5F69F3927C29F64009CDB05 /* Build configuration list for PBXNativeTarget "Reciptopia" */ = {
			isa = XCConfigurationList;
			buildConfigurations = (
				A5F69F3A27C29F64009CDB05 /* Debug */,
				A5F69F3B27C29F64009CDB05 /* Release */,
			);
			defaultConfigurationIsVisible = 0;
			defaultConfigurationName = Release;
		};
		A5F6A08027C2AF09009CDB05 /* Build configuration list for PBXNativeTarget "Reciptopia_iOS" */ = {
			isa = XCConfigurationList;
			buildConfigurations = (
				A5F6A08127C2AF09009CDB05 /* Debug */,
				A5F6A08227C2AF09009CDB05 /* Release */,
			);
			defaultConfigurationIsVisible = 0;
			defaultConfigurationName = Release;
		};
		A5F6A09027C2AF1F009CDB05 /* Build configuration list for PBXNativeTarget "Reciptopia_UIKit" */ = {
			isa = XCConfigurationList;
			buildConfigurations = (
				A5F6A09127C2AF1F009CDB05 /* Debug */,
				A5F6A09227C2AF1F009CDB05 /* Release */,
			);
			defaultConfigurationIsVisible = 0;
			defaultConfigurationName = Release;
		};
		A5F6A0A027C2AF2D009CDB05 /* Build configuration list for PBXNativeTarget "ReciptopiaKit" */ = {
			isa = XCConfigurationList;
			buildConfigurations = (
				A5F6A0A127C2AF2D009CDB05 /* Debug */,
				A5F6A0A227C2AF2D009CDB05 /* Release */,
			);
			defaultConfigurationIsVisible = 0;
			defaultConfigurationName = Release;
		};
/* End XCConfigurationList section */

/* Begin XCRemoteSwiftPackageReference section */
		A542AD5C27C3727100899B89 /* XCRemoteSwiftPackageReference "PromiseKit" */ = {
			isa = XCRemoteSwiftPackageReference;
			repositoryURL = "https://github.com/mxcl/PromiseKit";
			requirement = {
				kind = upToNextMajorVersion;
				minimumVersion = 6.0.0;
			};
		};
/* End XCRemoteSwiftPackageReference section */

/* Begin XCSwiftPackageProductDependency section */
		A542AD5D27C3727100899B89 /* PromiseKit */ = {
			isa = XCSwiftPackageProductDependency;
			package = A542AD5C27C3727100899B89 /* XCRemoteSwiftPackageReference "PromiseKit" */;
			productName = PromiseKit;
		};
		A542AD5F27C3728E00899B89 /* PromiseKit */ = {
			isa = XCSwiftPackageProductDependency;
			package = A542AD5C27C3727100899B89 /* XCRemoteSwiftPackageReference "PromiseKit" */;
			productName = PromiseKit;
		};
		A542AD6127C3729300899B89 /* PromiseKit */ = {
			isa = XCSwiftPackageProductDependency;
			package = A542AD5C27C3727100899B89 /* XCRemoteSwiftPackageReference "PromiseKit" */;
			productName = PromiseKit;
		};
		A542AD6327C3729700899B89 /* PromiseKit */ = {
			isa = XCSwiftPackageProductDependency;
			package = A542AD5C27C3727100899B89 /* XCRemoteSwiftPackageReference "PromiseKit" */;
			productName = PromiseKit;
		};
/* End XCSwiftPackageProductDependency section */
	};
	rootObject = A5F69F1D27C29F63009CDB05 /* Project object */;
}
