// !$*UTF8*$!
{
	archiveVersion = 1;
	classes = {
	};
	objectVersion = 55;
	objects = {

/* Begin PBXBuildFile section */
		A5202FA527C3D77D003B6F3B /* DefaultPictureIngredientRepository.swift in Sources */ = {isa = PBXBuildFile; fileRef = A5202FA427C3D77D003B6F3B /* DefaultPictureIngredientRepository.swift */; };
		A5202FA727C3D915003B6F3B /* Ingredient.swift in Sources */ = {isa = PBXBuildFile; fileRef = A5202FA627C3D915003B6F3B /* Ingredient.swift */; };
		A5202FAA27C3DA6E003B6F3B /* FakePictureIngredientRepository.swift in Sources */ = {isa = PBXBuildFile; fileRef = A5202FA927C3DA6E003B6F3B /* FakePictureIngredientRepository.swift */; };
		A5202FAF27C3DED6003B6F3B /* AlertMessagePresent.swift in Sources */ = {isa = PBXBuildFile; fileRef = A5202FAE27C3DED6003B6F3B /* AlertMessagePresent.swift */; };
		A5202FB027C3E023003B6F3B /* AlertMessage.swift in Sources */ = {isa = PBXBuildFile; fileRef = A5202FAB27C3DD16003B6F3B /* AlertMessage.swift */; };
		A52271C227CA2CC9005F87CC /* IngredientCell.swift in Sources */ = {isa = PBXBuildFile; fileRef = A52271C127CA2CC9005F87CC /* IngredientCell.swift */; };
		A523430427C55D1300906AFC /* CoreDataStorage.xcdatamodeld in Sources */ = {isa = PBXBuildFile; fileRef = A570524927C55B8A00131681 /* CoreDataStorage.xcdatamodeld */; };
		A542AD5E27C3727100899B89 /* PromiseKit in Frameworks */ = {isa = PBXBuildFile; productRef = A542AD5D27C3727100899B89 /* PromiseKit */; };
		A542AD6027C3728E00899B89 /* PromiseKit in Frameworks */ = {isa = PBXBuildFile; productRef = A542AD5F27C3728E00899B89 /* PromiseKit */; };
		A542AD6227C3729300899B89 /* PromiseKit in Frameworks */ = {isa = PBXBuildFile; productRef = A542AD6127C3729300899B89 /* PromiseKit */; };
		A542AD6427C3729700899B89 /* PromiseKit in Frameworks */ = {isa = PBXBuildFile; productRef = A542AD6327C3729700899B89 /* PromiseKit */; };
		A542AD6627C3748200899B89 /* NiblessView.swift in Sources */ = {isa = PBXBuildFile; fileRef = A542AD6527C3748200899B89 /* NiblessView.swift */; };
		A542AD6827C3885200899B89 /* PictureIngredientRootView.swift in Sources */ = {isa = PBXBuildFile; fileRef = A542AD6727C3885200899B89 /* PictureIngredientRootView.swift */; };
		A542AD7127C3898200899B89 /* Network.swift in Sources */ = {isa = PBXBuildFile; fileRef = A542AD6E27C3896700899B89 /* Network.swift */; };
		A542AD7427C38A3000899B89 /* NetworkError.swift in Sources */ = {isa = PBXBuildFile; fileRef = A542AD7327C38A3000899B89 /* NetworkError.swift */; };
		A542AD7727C38AE200899B89 /* TokenUtil.swift in Sources */ = {isa = PBXBuildFile; fileRef = A542AD7627C38AE200899B89 /* TokenUtil.swift */; };
		A542AD7927C38B1500899B89 /* Token.swift in Sources */ = {isa = PBXBuildFile; fileRef = A542AD7827C38B1500899B89 /* Token.swift */; };
		A542AD7F27C3B8A600899B89 /* PictureIngredientRepository.swift in Sources */ = {isa = PBXBuildFile; fileRef = A542AD7E27C3B8A600899B89 /* PictureIngredientRepository.swift */; };
		A56C918A27CB16E70035CD25 /* SearchIngredientDependencyContainer.swift in Sources */ = {isa = PBXBuildFile; fileRef = A56C918927CB16E70035CD25 /* SearchIngredientDependencyContainer.swift */; };
		A56C918E27CBCD8D0035CD25 /* SearchHistoryRootView.swift in Sources */ = {isa = PBXBuildFile; fileRef = A56C918D27CBCD8D0035CD25 /* SearchHistoryRootView.swift */; };
		A56C919027CBCE000035CD25 /* SearchFavoriteRootView.swift in Sources */ = {isa = PBXBuildFile; fileRef = A56C918F27CBCE000035CD25 /* SearchFavoriteRootView.swift */; };
		A56C919227CBD55C0035CD25 /* PagingSegmentedControl.swift in Sources */ = {isa = PBXBuildFile; fileRef = A56C919127CBD55C0035CD25 /* PagingSegmentedControl.swift */; };
		A570522A27C52B0200131681 /* HistoryEntity+Mapping.swift in Sources */ = {isa = PBXBuildFile; fileRef = A570522927C52B0200131681 /* HistoryEntity+Mapping.swift */; };
		A570523127C52BA300131681 /* FavoriteEntity+CoreDataClass.swift in Sources */ = {isa = PBXBuildFile; fileRef = A570522D27C52BA300131681 /* FavoriteEntity+CoreDataClass.swift */; };
		A570523227C52BA300131681 /* FavoriteEntity+CoreDataProperties.swift in Sources */ = {isa = PBXBuildFile; fileRef = A570522E27C52BA300131681 /* FavoriteEntity+CoreDataProperties.swift */; };
		A570523527C52CD300131681 /* HistoryEntity+CoreDataClass.swift in Sources */ = {isa = PBXBuildFile; fileRef = A570522B27C52BA300131681 /* HistoryEntity+CoreDataClass.swift */; };
		A570523627C52CDC00131681 /* HistoryEntity+CoreDataProperties.swift in Sources */ = {isa = PBXBuildFile; fileRef = A570522C27C52BA300131681 /* HistoryEntity+CoreDataProperties.swift */; };
		A570523827C52D7F00131681 /* CoreDataError.swift in Sources */ = {isa = PBXBuildFile; fileRef = A570523727C52D7F00131681 /* CoreDataError.swift */; };
		A570524227C54D3C00131681 /* SearchIngredientViewController.swift in Sources */ = {isa = PBXBuildFile; fileRef = A570524127C54D3C00131681 /* SearchIngredientViewController.swift */; };
		A570524427C54DE700131681 /* SearchIngredientRootView.swift in Sources */ = {isa = PBXBuildFile; fileRef = A570524327C54DE700131681 /* SearchIngredientRootView.swift */; };
		A570524527C552F500131681 /* SearchIngredientViewModel+Action.swift in Sources */ = {isa = PBXBuildFile; fileRef = A570523927C544A900131681 /* SearchIngredientViewModel+Action.swift */; };
		A5735B0527C3FBA5003D6C30 /* UIButtonExtension.swift in Sources */ = {isa = PBXBuildFile; fileRef = A5735B0427C3FBA5003D6C30 /* UIButtonExtension.swift */; };
		A582C14527C4023E005B3469 /* UIColorExtension.swift in Sources */ = {isa = PBXBuildFile; fileRef = A582C14427C4023E005B3469 /* UIColorExtension.swift */; };
		A582C14827C40587005B3469 /* SnapKit in Frameworks */ = {isa = PBXBuildFile; productRef = A582C14727C40587005B3469 /* SnapKit */; };
		A5C2920527CC8151004729D1 /* SearchHistoryCell.swift in Sources */ = {isa = PBXBuildFile; fileRef = A5C2920427CC8151004729D1 /* SearchHistoryCell.swift */; };
		A5C2920927CC89E9004729D1 /* FloatingButton.swift in Sources */ = {isa = PBXBuildFile; fileRef = A5C2920827CC89E9004729D1 /* FloatingButton.swift */; };
		A5C2920D27CCBC7E004729D1 /* FavoriteBoardDataStore.swift in Sources */ = {isa = PBXBuildFile; fileRef = A5C2920C27CCBC7E004729D1 /* FavoriteBoardDataStore.swift */; };
		A5C2920F27CCBCBC004729D1 /* Favorite.swift in Sources */ = {isa = PBXBuildFile; fileRef = A5C2920E27CCBCBC004729D1 /* Favorite.swift */; };
		A5C2921127CCF40D004729D1 /* SearchHistoryViewModel.swift in Sources */ = {isa = PBXBuildFile; fileRef = A5C2921027CCF40D004729D1 /* SearchHistoryViewModel.swift */; };
		A5C2921327CCF594004729D1 /* SaveIngredientResponder.swift in Sources */ = {isa = PBXBuildFile; fileRef = A5C2921227CCF594004729D1 /* SaveIngredientResponder.swift */; };
		A5C2921527CCFBDA004729D1 /* StorageFavoriteBoardDataStore.swift in Sources */ = {isa = PBXBuildFile; fileRef = A5C2921427CCFBDA004729D1 /* StorageFavoriteBoardDataStore.swift */; };
		A5C2921727CCFD1B004729D1 /* FavoriteEntity+Mapping.swift in Sources */ = {isa = PBXBuildFile; fileRef = A5C2921627CCFD1B004729D1 /* FavoriteEntity+Mapping.swift */; };
		A5C2921927CCFD99004729D1 /* FavoriteBoardRepository.swift in Sources */ = {isa = PBXBuildFile; fileRef = A5C2921827CCFD99004729D1 /* FavoriteBoardRepository.swift */; };
		A5C2921B27CCFDFD004729D1 /* DefaultFavoriteBoardRepository.swift in Sources */ = {isa = PBXBuildFile; fileRef = A5C2921A27CCFDFD004729D1 /* DefaultFavoriteBoardRepository.swift */; };
		A5C2921D27CCFE83004729D1 /* FavoriteBoardViewModel.swift in Sources */ = {isa = PBXBuildFile; fileRef = A5C2921C27CCFE83004729D1 /* FavoriteBoardViewModel.swift */; };
		A5C2921F27CCFF55004729D1 /* ErrorPublishable.swift in Sources */ = {isa = PBXBuildFile; fileRef = A5C2921E27CCFF55004729D1 /* ErrorPublishable.swift */; };
		A5C3A3D227C3F6F100A2C428 /* UserSession.swift in Sources */ = {isa = PBXBuildFile; fileRef = A5C3A3D127C3F6F100A2C428 /* UserSession.swift */; };
		A5C3A3D527C3F81400A2C428 /* ProfileViewController.swift in Sources */ = {isa = PBXBuildFile; fileRef = A5C3A3D427C3F81400A2C428 /* ProfileViewController.swift */; };
		A5CACD7827C4A2A800D5EFA4 /* BackCameraView.swift in Sources */ = {isa = PBXBuildFile; fileRef = A5CACD7627C4A00900D5EFA4 /* BackCameraView.swift */; };
		A5CACD8027C4A44B00D5EFA4 /* SnapKit in Frameworks */ = {isa = PBXBuildFile; productRef = A5CACD7F27C4A44B00D5EFA4 /* SnapKit */; };
		A5CACD8327C4B29400D5EFA4 /* BSImagePicker in Frameworks */ = {isa = PBXBuildFile; productRef = A5CACD8227C4B29400D5EFA4 /* BSImagePicker */; };
		A5CACD8927C4BD7B00D5EFA4 /* ManagePictureViewController.swift in Sources */ = {isa = PBXBuildFile; fileRef = A5CACD8827C4BD7B00D5EFA4 /* ManagePictureViewController.swift */; };
		A5CACD8B27C4BDE200D5EFA4 /* ManagePictureRootView.swift in Sources */ = {isa = PBXBuildFile; fileRef = A5CACD8A27C4BDE200D5EFA4 /* ManagePictureRootView.swift */; };
		A5CACD8D27C4C0A800D5EFA4 /* ManagePictureCell.swift in Sources */ = {isa = PBXBuildFile; fileRef = A5CACD8C27C4C0A800D5EFA4 /* ManagePictureCell.swift */; };
		A5CACD9227C4DF4E00D5EFA4 /* SearchHistoryRepository.swift in Sources */ = {isa = PBXBuildFile; fileRef = A5CACD9127C4DF4E00D5EFA4 /* SearchHistoryRepository.swift */; };
		A5CACD9427C4DF6C00D5EFA4 /* History.swift in Sources */ = {isa = PBXBuildFile; fileRef = A5CACD9327C4DF6C00D5EFA4 /* History.swift */; };
		A5CACD9627C4E03400D5EFA4 /* DefaultSearchHistoryRepository.swift in Sources */ = {isa = PBXBuildFile; fileRef = A5CACD9527C4E03400D5EFA4 /* DefaultSearchHistoryRepository.swift */; };
		A5CACD9927C4E09C00D5EFA4 /* StorageSearchHistoryDataStore.swift in Sources */ = {isa = PBXBuildFile; fileRef = A5CACD9827C4E09C00D5EFA4 /* StorageSearchHistoryDataStore.swift */; };
		A5CACD9E27C4E0E700D5EFA4 /* SearchHistoryDataStore.swift in Sources */ = {isa = PBXBuildFile; fileRef = A5CACD9D27C4E0E700D5EFA4 /* SearchHistoryDataStore.swift */; };
		A5CACDA827C4E1E500D5EFA4 /* CoreDataUtil.swift in Sources */ = {isa = PBXBuildFile; fileRef = A5CACDA727C4E1E500D5EFA4 /* CoreDataUtil.swift */; };
		A5D0AAAB27C361B3003E8681 /* PictureIngredientViewModel+Action.swift in Sources */ = {isa = PBXBuildFile; fileRef = A5D0AAAA27C361B3003E8681 /* PictureIngredientViewModel+Action.swift */; };
		A5D0AAB627C36DF1003E8681 /* ReciptopiaDependencyContainer.swift in Sources */ = {isa = PBXBuildFile; fileRef = A5D0AAB527C36DF1003E8681 /* ReciptopiaDependencyContainer.swift */; };
		A5D0AAB827C36E09003E8681 /* NiblessViewController.swift in Sources */ = {isa = PBXBuildFile; fileRef = A5D0AAB727C36E09003E8681 /* NiblessViewController.swift */; };
		A5D0AABA27C37158003E8681 /* PictureIngredientViewController.swift in Sources */ = {isa = PBXBuildFile; fileRef = A5D0AAB927C37158003E8681 /* PictureIngredientViewController.swift */; };
		A5F69F2927C29F63009CDB05 /* AppDelegate.swift in Sources */ = {isa = PBXBuildFile; fileRef = A5F69F2827C29F63009CDB05 /* AppDelegate.swift */; };
		A5F69F3227C29F64009CDB05 /* Assets.xcassets in Resources */ = {isa = PBXBuildFile; fileRef = A5F69F3127C29F64009CDB05 /* Assets.xcassets */; };
		A5F69F3527C29F64009CDB05 /* LaunchScreen.storyboard in Resources */ = {isa = PBXBuildFile; fileRef = A5F69F3327C29F64009CDB05 /* LaunchScreen.storyboard */; };
		A5F6A07B27C2AF09009CDB05 /* Reciptopia_iOS.h in Headers */ = {isa = PBXBuildFile; fileRef = A5F6A07A27C2AF09009CDB05 /* Reciptopia_iOS.h */; settings = {ATTRIBUTES = (Public, ); }; };
		A5F6A07E27C2AF09009CDB05 /* Reciptopia_iOS.framework in Frameworks */ = {isa = PBXBuildFile; fileRef = A5F6A07827C2AF09009CDB05 /* Reciptopia_iOS.framework */; };
		A5F6A07F27C2AF09009CDB05 /* Reciptopia_iOS.framework in Embed Frameworks */ = {isa = PBXBuildFile; fileRef = A5F6A07827C2AF09009CDB05 /* Reciptopia_iOS.framework */; settings = {ATTRIBUTES = (CodeSignOnCopy, RemoveHeadersOnCopy, ); }; };
		A5F6A08B27C2AF1F009CDB05 /* Reciptopia_UIKit.h in Headers */ = {isa = PBXBuildFile; fileRef = A5F6A08A27C2AF1F009CDB05 /* Reciptopia_UIKit.h */; settings = {ATTRIBUTES = (Public, ); }; };
		A5F6A08E27C2AF1F009CDB05 /* Reciptopia_UIKit.framework in Frameworks */ = {isa = PBXBuildFile; fileRef = A5F6A08827C2AF1F009CDB05 /* Reciptopia_UIKit.framework */; };
		A5F6A08F27C2AF1F009CDB05 /* Reciptopia_UIKit.framework in Embed Frameworks */ = {isa = PBXBuildFile; fileRef = A5F6A08827C2AF1F009CDB05 /* Reciptopia_UIKit.framework */; settings = {ATTRIBUTES = (CodeSignOnCopy, RemoveHeadersOnCopy, ); }; };
		A5F6A09B27C2AF2D009CDB05 /* ReciptopiaKit.h in Headers */ = {isa = PBXBuildFile; fileRef = A5F6A09A27C2AF2D009CDB05 /* ReciptopiaKit.h */; settings = {ATTRIBUTES = (Public, ); }; };
		A5F6A09E27C2AF2D009CDB05 /* ReciptopiaKit.framework in Frameworks */ = {isa = PBXBuildFile; fileRef = A5F6A09827C2AF2D009CDB05 /* ReciptopiaKit.framework */; };
		A5F6A09F27C2AF2D009CDB05 /* ReciptopiaKit.framework in Embed Frameworks */ = {isa = PBXBuildFile; fileRef = A5F6A09827C2AF2D009CDB05 /* ReciptopiaKit.framework */; settings = {ATTRIBUTES = (CodeSignOnCopy, RemoveHeadersOnCopy, ); }; };
/* End PBXBuildFile section */

/* Begin PBXContainerItemProxy section */
		A5F6A07C27C2AF09009CDB05 /* PBXContainerItemProxy */ = {
			isa = PBXContainerItemProxy;
			containerPortal = A5F69F1D27C29F63009CDB05 /* Project object */;
			proxyType = 1;
			remoteGlobalIDString = A5F6A07727C2AF09009CDB05;
			remoteInfo = Reciptopia_iOS;
		};
		A5F6A08C27C2AF1F009CDB05 /* PBXContainerItemProxy */ = {
			isa = PBXContainerItemProxy;
			containerPortal = A5F69F1D27C29F63009CDB05 /* Project object */;
			proxyType = 1;
			remoteGlobalIDString = A5F6A08727C2AF1F009CDB05;
			remoteInfo = Reciptopia_UIKit;
		};
		A5F6A09C27C2AF2D009CDB05 /* PBXContainerItemProxy */ = {
			isa = PBXContainerItemProxy;
			containerPortal = A5F69F1D27C29F63009CDB05 /* Project object */;
			proxyType = 1;
			remoteGlobalIDString = A5F6A09727C2AF2D009CDB05;
			remoteInfo = ReciptopiaKit;
		};
/* End PBXContainerItemProxy section */

/* Begin PBXCopyFilesBuildPhase section */
		A5F6A07027C2A38D009CDB05 /* Embed Frameworks */ = {
			isa = PBXCopyFilesBuildPhase;
			buildActionMask = 2147483647;
			dstPath = "";
			dstSubfolderSpec = 10;
			files = (
				A5F6A07F27C2AF09009CDB05 /* Reciptopia_iOS.framework in Embed Frameworks */,
				A5F6A08F27C2AF1F009CDB05 /* Reciptopia_UIKit.framework in Embed Frameworks */,
				A5F6A09F27C2AF2D009CDB05 /* ReciptopiaKit.framework in Embed Frameworks */,
			);
			name = "Embed Frameworks";
			runOnlyForDeploymentPostprocessing = 0;
		};
/* End PBXCopyFilesBuildPhase section */

/* Begin PBXFileReference section */
		A5202FA427C3D77D003B6F3B /* DefaultPictureIngredientRepository.swift */ = {isa = PBXFileReference; lastKnownFileType = sourcecode.swift; path = DefaultPictureIngredientRepository.swift; sourceTree = "<group>"; };
		A5202FA627C3D915003B6F3B /* Ingredient.swift */ = {isa = PBXFileReference; lastKnownFileType = sourcecode.swift; path = Ingredient.swift; sourceTree = "<group>"; };
		A5202FA927C3DA6E003B6F3B /* FakePictureIngredientRepository.swift */ = {isa = PBXFileReference; lastKnownFileType = sourcecode.swift; path = FakePictureIngredientRepository.swift; sourceTree = "<group>"; };
		A5202FAB27C3DD16003B6F3B /* AlertMessage.swift */ = {isa = PBXFileReference; lastKnownFileType = sourcecode.swift; path = AlertMessage.swift; sourceTree = "<group>"; };
		A5202FAE27C3DED6003B6F3B /* AlertMessagePresent.swift */ = {isa = PBXFileReference; lastKnownFileType = sourcecode.swift; path = AlertMessagePresent.swift; sourceTree = "<group>"; };
		A52271C127CA2CC9005F87CC /* IngredientCell.swift */ = {isa = PBXFileReference; lastKnownFileType = sourcecode.swift; path = IngredientCell.swift; sourceTree = "<group>"; };
		A542AD6527C3748200899B89 /* NiblessView.swift */ = {isa = PBXFileReference; lastKnownFileType = sourcecode.swift; path = NiblessView.swift; sourceTree = "<group>"; };
		A542AD6727C3885200899B89 /* PictureIngredientRootView.swift */ = {isa = PBXFileReference; lastKnownFileType = sourcecode.swift; path = PictureIngredientRootView.swift; sourceTree = "<group>"; };
		A542AD6E27C3896700899B89 /* Network.swift */ = {isa = PBXFileReference; lastKnownFileType = sourcecode.swift; path = Network.swift; sourceTree = "<group>"; };
		A542AD7327C38A3000899B89 /* NetworkError.swift */ = {isa = PBXFileReference; lastKnownFileType = sourcecode.swift; path = NetworkError.swift; sourceTree = "<group>"; };
		A542AD7627C38AE200899B89 /* TokenUtil.swift */ = {isa = PBXFileReference; lastKnownFileType = sourcecode.swift; path = TokenUtil.swift; sourceTree = "<group>"; };
		A542AD7827C38B1500899B89 /* Token.swift */ = {isa = PBXFileReference; lastKnownFileType = sourcecode.swift; path = Token.swift; sourceTree = "<group>"; };
		A542AD7E27C3B8A600899B89 /* PictureIngredientRepository.swift */ = {isa = PBXFileReference; lastKnownFileType = sourcecode.swift; path = PictureIngredientRepository.swift; sourceTree = "<group>"; };
		A56C918927CB16E70035CD25 /* SearchIngredientDependencyContainer.swift */ = {isa = PBXFileReference; lastKnownFileType = sourcecode.swift; path = SearchIngredientDependencyContainer.swift; sourceTree = "<group>"; };
		A56C918D27CBCD8D0035CD25 /* SearchHistoryRootView.swift */ = {isa = PBXFileReference; lastKnownFileType = sourcecode.swift; path = SearchHistoryRootView.swift; sourceTree = "<group>"; };
		A56C918F27CBCE000035CD25 /* SearchFavoriteRootView.swift */ = {isa = PBXFileReference; lastKnownFileType = sourcecode.swift; path = SearchFavoriteRootView.swift; sourceTree = "<group>"; };
		A56C919127CBD55C0035CD25 /* PagingSegmentedControl.swift */ = {isa = PBXFileReference; lastKnownFileType = sourcecode.swift; path = PagingSegmentedControl.swift; sourceTree = "<group>"; };
		A570522927C52B0200131681 /* HistoryEntity+Mapping.swift */ = {isa = PBXFileReference; lastKnownFileType = sourcecode.swift; path = "HistoryEntity+Mapping.swift"; sourceTree = "<group>"; };
		A570522B27C52BA300131681 /* HistoryEntity+CoreDataClass.swift */ = {isa = PBXFileReference; lastKnownFileType = sourcecode.swift; path = "HistoryEntity+CoreDataClass.swift"; sourceTree = "<group>"; };
		A570522C27C52BA300131681 /* HistoryEntity+CoreDataProperties.swift */ = {isa = PBXFileReference; lastKnownFileType = sourcecode.swift; path = "HistoryEntity+CoreDataProperties.swift"; sourceTree = "<group>"; };
		A570522D27C52BA300131681 /* FavoriteEntity+CoreDataClass.swift */ = {isa = PBXFileReference; lastKnownFileType = sourcecode.swift; path = "FavoriteEntity+CoreDataClass.swift"; sourceTree = "<group>"; };
		A570522E27C52BA300131681 /* FavoriteEntity+CoreDataProperties.swift */ = {isa = PBXFileReference; lastKnownFileType = sourcecode.swift; path = "FavoriteEntity+CoreDataProperties.swift"; sourceTree = "<group>"; };
		A570523727C52D7F00131681 /* CoreDataError.swift */ = {isa = PBXFileReference; lastKnownFileType = sourcecode.swift; path = CoreDataError.swift; sourceTree = "<group>"; };
		A570523927C544A900131681 /* SearchIngredientViewModel+Action.swift */ = {isa = PBXFileReference; lastKnownFileType = sourcecode.swift; path = "SearchIngredientViewModel+Action.swift"; sourceTree = "<group>"; };
		A570524127C54D3C00131681 /* SearchIngredientViewController.swift */ = {isa = PBXFileReference; lastKnownFileType = sourcecode.swift; path = SearchIngredientViewController.swift; sourceTree = "<group>"; };
		A570524327C54DE700131681 /* SearchIngredientRootView.swift */ = {isa = PBXFileReference; lastKnownFileType = sourcecode.swift; path = SearchIngredientRootView.swift; sourceTree = "<group>"; };
		A570524A27C55B8A00131681 /* History.xcdatamodel */ = {isa = PBXFileReference; lastKnownFileType = wrapper.xcdatamodel; path = History.xcdatamodel; sourceTree = "<group>"; };
		A570524B27C55B8A00131681 /* CoreDataStorage.xcdatamodel */ = {isa = PBXFileReference; lastKnownFileType = wrapper.xcdatamodel; path = CoreDataStorage.xcdatamodel; sourceTree = "<group>"; };
		A570524C27C55B8A00131681 /* History copy.xcdatamodel */ = {isa = PBXFileReference; lastKnownFileType = wrapper.xcdatamodel; path = "History copy.xcdatamodel"; sourceTree = "<group>"; };
		A5735B0427C3FBA5003D6C30 /* UIButtonExtension.swift */ = {isa = PBXFileReference; lastKnownFileType = sourcecode.swift; path = UIButtonExtension.swift; sourceTree = "<group>"; };
		A582C14427C4023E005B3469 /* UIColorExtension.swift */ = {isa = PBXFileReference; lastKnownFileType = sourcecode.swift; path = UIColorExtension.swift; sourceTree = "<group>"; };
		A5C2920427CC8151004729D1 /* SearchHistoryCell.swift */ = {isa = PBXFileReference; lastKnownFileType = sourcecode.swift; path = SearchHistoryCell.swift; sourceTree = "<group>"; };
		A5C2920827CC89E9004729D1 /* FloatingButton.swift */ = {isa = PBXFileReference; fileEncoding = 4; lastKnownFileType = sourcecode.swift; path = FloatingButton.swift; sourceTree = "<group>"; };
		A5C2920C27CCBC7E004729D1 /* FavoriteBoardDataStore.swift */ = {isa = PBXFileReference; lastKnownFileType = sourcecode.swift; path = FavoriteBoardDataStore.swift; sourceTree = "<group>"; };
		A5C2920E27CCBCBC004729D1 /* Favorite.swift */ = {isa = PBXFileReference; lastKnownFileType = sourcecode.swift; path = Favorite.swift; sourceTree = "<group>"; };
		A5C2921027CCF40D004729D1 /* SearchHistoryViewModel.swift */ = {isa = PBXFileReference; lastKnownFileType = sourcecode.swift; path = SearchHistoryViewModel.swift; sourceTree = "<group>"; };
		A5C2921227CCF594004729D1 /* SaveIngredientResponder.swift */ = {isa = PBXFileReference; lastKnownFileType = sourcecode.swift; path = SaveIngredientResponder.swift; sourceTree = "<group>"; };
		A5C2921427CCFBDA004729D1 /* StorageFavoriteBoardDataStore.swift */ = {isa = PBXFileReference; lastKnownFileType = sourcecode.swift; path = StorageFavoriteBoardDataStore.swift; sourceTree = "<group>"; };
		A5C2921627CCFD1B004729D1 /* FavoriteEntity+Mapping.swift */ = {isa = PBXFileReference; lastKnownFileType = sourcecode.swift; path = "FavoriteEntity+Mapping.swift"; sourceTree = "<group>"; };
		A5C2921827CCFD99004729D1 /* FavoriteBoardRepository.swift */ = {isa = PBXFileReference; lastKnownFileType = sourcecode.swift; path = FavoriteBoardRepository.swift; sourceTree = "<group>"; };
		A5C2921A27CCFDFD004729D1 /* DefaultFavoriteBoardRepository.swift */ = {isa = PBXFileReference; lastKnownFileType = sourcecode.swift; path = DefaultFavoriteBoardRepository.swift; sourceTree = "<group>"; };
		A5C2921C27CCFE83004729D1 /* FavoriteBoardViewModel.swift */ = {isa = PBXFileReference; lastKnownFileType = sourcecode.swift; path = FavoriteBoardViewModel.swift; sourceTree = "<group>"; };
		A5C2921E27CCFF55004729D1 /* ErrorPublishable.swift */ = {isa = PBXFileReference; lastKnownFileType = sourcecode.swift; path = ErrorPublishable.swift; sourceTree = "<group>"; };
		A5C3A3D127C3F6F100A2C428 /* UserSession.swift */ = {isa = PBXFileReference; lastKnownFileType = sourcecode.swift; path = UserSession.swift; sourceTree = "<group>"; };
		A5C3A3D427C3F81400A2C428 /* ProfileViewController.swift */ = {isa = PBXFileReference; lastKnownFileType = sourcecode.swift; path = ProfileViewController.swift; sourceTree = "<group>"; };
		A5CACD7627C4A00900D5EFA4 /* BackCameraView.swift */ = {isa = PBXFileReference; lastKnownFileType = sourcecode.swift; path = BackCameraView.swift; sourceTree = "<group>"; };
		A5CACD8827C4BD7B00D5EFA4 /* ManagePictureViewController.swift */ = {isa = PBXFileReference; lastKnownFileType = sourcecode.swift; path = ManagePictureViewController.swift; sourceTree = "<group>"; };
		A5CACD8A27C4BDE200D5EFA4 /* ManagePictureRootView.swift */ = {isa = PBXFileReference; lastKnownFileType = sourcecode.swift; path = ManagePictureRootView.swift; sourceTree = "<group>"; };
		A5CACD8C27C4C0A800D5EFA4 /* ManagePictureCell.swift */ = {isa = PBXFileReference; lastKnownFileType = sourcecode.swift; path = ManagePictureCell.swift; sourceTree = "<group>"; };
		A5CACD9127C4DF4E00D5EFA4 /* SearchHistoryRepository.swift */ = {isa = PBXFileReference; lastKnownFileType = sourcecode.swift; path = SearchHistoryRepository.swift; sourceTree = "<group>"; };
		A5CACD9327C4DF6C00D5EFA4 /* History.swift */ = {isa = PBXFileReference; lastKnownFileType = sourcecode.swift; path = History.swift; sourceTree = "<group>"; };
		A5CACD9527C4E03400D5EFA4 /* DefaultSearchHistoryRepository.swift */ = {isa = PBXFileReference; lastKnownFileType = sourcecode.swift; path = DefaultSearchHistoryRepository.swift; sourceTree = "<group>"; };
		A5CACD9827C4E09C00D5EFA4 /* StorageSearchHistoryDataStore.swift */ = {isa = PBXFileReference; lastKnownFileType = sourcecode.swift; path = StorageSearchHistoryDataStore.swift; sourceTree = "<group>"; };
		A5CACD9D27C4E0E700D5EFA4 /* SearchHistoryDataStore.swift */ = {isa = PBXFileReference; lastKnownFileType = sourcecode.swift; path = SearchHistoryDataStore.swift; sourceTree = "<group>"; };
		A5CACDA727C4E1E500D5EFA4 /* CoreDataUtil.swift */ = {isa = PBXFileReference; lastKnownFileType = sourcecode.swift; path = CoreDataUtil.swift; sourceTree = "<group>"; };
		A5D0AAAA27C361B3003E8681 /* PictureIngredientViewModel+Action.swift */ = {isa = PBXFileReference; lastKnownFileType = sourcecode.swift; path = "PictureIngredientViewModel+Action.swift"; sourceTree = "<group>"; };
		A5D0AAB527C36DF1003E8681 /* ReciptopiaDependencyContainer.swift */ = {isa = PBXFileReference; lastKnownFileType = sourcecode.swift; path = ReciptopiaDependencyContainer.swift; sourceTree = "<group>"; };
		A5D0AAB727C36E09003E8681 /* NiblessViewController.swift */ = {isa = PBXFileReference; lastKnownFileType = sourcecode.swift; path = NiblessViewController.swift; sourceTree = "<group>"; };
		A5D0AAB927C37158003E8681 /* PictureIngredientViewController.swift */ = {isa = PBXFileReference; lastKnownFileType = sourcecode.swift; path = PictureIngredientViewController.swift; sourceTree = "<group>"; };
		A5F69F2527C29F63009CDB05 /* Reciptopia.app */ = {isa = PBXFileReference; explicitFileType = wrapper.application; includeInIndex = 0; path = Reciptopia.app; sourceTree = BUILT_PRODUCTS_DIR; };
		A5F69F2827C29F63009CDB05 /* AppDelegate.swift */ = {isa = PBXFileReference; lastKnownFileType = sourcecode.swift; path = AppDelegate.swift; sourceTree = "<group>"; };
		A5F69F3127C29F64009CDB05 /* Assets.xcassets */ = {isa = PBXFileReference; lastKnownFileType = folder.assetcatalog; path = Assets.xcassets; sourceTree = "<group>"; };
		A5F69F3427C29F64009CDB05 /* Base */ = {isa = PBXFileReference; lastKnownFileType = file.storyboard; name = Base; path = Base.lproj/LaunchScreen.storyboard; sourceTree = "<group>"; };
		A5F69F3627C29F64009CDB05 /* Info.plist */ = {isa = PBXFileReference; lastKnownFileType = text.plist.xml; path = Info.plist; sourceTree = "<group>"; };
		A5F6A07827C2AF09009CDB05 /* Reciptopia_iOS.framework */ = {isa = PBXFileReference; explicitFileType = wrapper.framework; includeInIndex = 0; path = Reciptopia_iOS.framework; sourceTree = BUILT_PRODUCTS_DIR; };
		A5F6A07A27C2AF09009CDB05 /* Reciptopia_iOS.h */ = {isa = PBXFileReference; lastKnownFileType = sourcecode.c.h; path = Reciptopia_iOS.h; sourceTree = "<group>"; };
		A5F6A08827C2AF1F009CDB05 /* Reciptopia_UIKit.framework */ = {isa = PBXFileReference; explicitFileType = wrapper.framework; includeInIndex = 0; path = Reciptopia_UIKit.framework; sourceTree = BUILT_PRODUCTS_DIR; };
		A5F6A08A27C2AF1F009CDB05 /* Reciptopia_UIKit.h */ = {isa = PBXFileReference; lastKnownFileType = sourcecode.c.h; path = Reciptopia_UIKit.h; sourceTree = "<group>"; };
		A5F6A09827C2AF2D009CDB05 /* ReciptopiaKit.framework */ = {isa = PBXFileReference; explicitFileType = wrapper.framework; includeInIndex = 0; path = ReciptopiaKit.framework; sourceTree = BUILT_PRODUCTS_DIR; };
		A5F6A09A27C2AF2D009CDB05 /* ReciptopiaKit.h */ = {isa = PBXFileReference; lastKnownFileType = sourcecode.c.h; path = ReciptopiaKit.h; sourceTree = "<group>"; };
/* End PBXFileReference section */

/* Begin PBXFrameworksBuildPhase section */
		A5F69F2227C29F63009CDB05 /* Frameworks */ = {
			isa = PBXFrameworksBuildPhase;
			buildActionMask = 2147483647;
			files = (
				A5F6A07E27C2AF09009CDB05 /* Reciptopia_iOS.framework in Frameworks */,
				A542AD5E27C3727100899B89 /* PromiseKit in Frameworks */,
				A5F6A08E27C2AF1F009CDB05 /* Reciptopia_UIKit.framework in Frameworks */,
				A5F6A09E27C2AF2D009CDB05 /* ReciptopiaKit.framework in Frameworks */,
				A5CACD8027C4A44B00D5EFA4 /* SnapKit in Frameworks */,
			);
			runOnlyForDeploymentPostprocessing = 0;
		};
		A5F6A07527C2AF09009CDB05 /* Frameworks */ = {
			isa = PBXFrameworksBuildPhase;
			buildActionMask = 2147483647;
			files = (
				A542AD6027C3728E00899B89 /* PromiseKit in Frameworks */,
				A5CACD8327C4B29400D5EFA4 /* BSImagePicker in Frameworks */,
				A582C14827C40587005B3469 /* SnapKit in Frameworks */,
			);
			runOnlyForDeploymentPostprocessing = 0;
		};
		A5F6A08527C2AF1F009CDB05 /* Frameworks */ = {
			isa = PBXFrameworksBuildPhase;
			buildActionMask = 2147483647;
			files = (
				A542AD6227C3729300899B89 /* PromiseKit in Frameworks */,
			);
			runOnlyForDeploymentPostprocessing = 0;
		};
		A5F6A09527C2AF2D009CDB05 /* Frameworks */ = {
			isa = PBXFrameworksBuildPhase;
			buildActionMask = 2147483647;
			files = (
				A542AD6427C3729700899B89 /* PromiseKit in Frameworks */,
			);
			runOnlyForDeploymentPostprocessing = 0;
		};
/* End PBXFrameworksBuildPhase section */

/* Begin PBXGroup section */
		A52271C027CA2CB9005F87CC /* CustomView */ = {
			isa = PBXGroup;
			children = (
				A5CACD7627C4A00900D5EFA4 /* BackCameraView.swift */,
				A52271C127CA2CC9005F87CC /* IngredientCell.swift */,
				A56C919127CBD55C0035CD25 /* PagingSegmentedControl.swift */,
				A5C2920827CC89E9004729D1 /* FloatingButton.swift */,
			);
			path = CustomView;
			sourceTree = "<group>";
		};
		A542AD6927C388ED00899B89 /* Model */ = {
			isa = PBXGroup;
			children = (
				A5202FA627C3D915003B6F3B /* Ingredient.swift */,
				A5202FAB27C3DD16003B6F3B /* AlertMessage.swift */,
				A5C3A3D127C3F6F100A2C428 /* UserSession.swift */,
				A5CACD9327C4DF6C00D5EFA4 /* History.swift */,
				A5C2920E27CCBCBC004729D1 /* Favorite.swift */,
			);
			path = Model;
			sourceTree = "<group>";
		};
		A542AD6D27C3895900899B89 /* Utility */ = {
			isa = PBXGroup;
			children = (
				A542AD7527C38ADB00899B89 /* Token */,
				A542AD7227C38A2500899B89 /* Network */,
				A5CACDA627C4E1D600D5EFA4 /* CoreData */,
			);
			path = Utility;
			sourceTree = "<group>";
		};
		A542AD7227C38A2500899B89 /* Network */ = {
			isa = PBXGroup;
			children = (
				A542AD6E27C3896700899B89 /* Network.swift */,
				A542AD7327C38A3000899B89 /* NetworkError.swift */,
			);
			path = Network;
			sourceTree = "<group>";
		};
		A542AD7527C38ADB00899B89 /* Token */ = {
			isa = PBXGroup;
			children = (
				A542AD7827C38B1500899B89 /* Token.swift */,
				A542AD7627C38AE200899B89 /* TokenUtil.swift */,
			);
			path = Token;
			sourceTree = "<group>";
		};
		A570522827C52AF300131681 /* Mapping */ = {
			isa = PBXGroup;
			children = (
				A570522927C52B0200131681 /* HistoryEntity+Mapping.swift */,
				A5C2921627CCFD1B004729D1 /* FavoriteEntity+Mapping.swift */,
			);
			path = Mapping;
			sourceTree = "<group>";
		};
		A570523427C52BC300131681 /* Entity */ = {
			isa = PBXGroup;
			children = (
				A570522827C52AF300131681 /* Mapping */,
				A570522B27C52BA300131681 /* HistoryEntity+CoreDataClass.swift */,
				A570522C27C52BA300131681 /* HistoryEntity+CoreDataProperties.swift */,
				A570522D27C52BA300131681 /* FavoriteEntity+CoreDataClass.swift */,
				A570522E27C52BA300131681 /* FavoriteEntity+CoreDataProperties.swift */,
			);
			path = Entity;
			sourceTree = "<group>";
		};
		A582C14327C40227005B3469 /* Extension */ = {
			isa = PBXGroup;
			children = (
				A5735B0427C3FBA5003D6C30 /* UIButtonExtension.swift */,
				A582C14427C4023E005B3469 /* UIColorExtension.swift */,
			);
			path = Extension;
			sourceTree = "<group>";
		};
		A5C3A3D327C3F7E000A2C428 /* Profile */ = {
			isa = PBXGroup;
			children = (
				A5C3A3D427C3F81400A2C428 /* ProfileViewController.swift */,
			);
			path = Profile;
			sourceTree = "<group>";
		};
		A5CACD8527C4BD3A00D5EFA4 /* ManagePicture */ = {
			isa = PBXGroup;
			children = (
				A5CACD8827C4BD7B00D5EFA4 /* ManagePictureViewController.swift */,
				A5CACD8A27C4BDE200D5EFA4 /* ManagePictureRootView.swift */,
				A5CACD8C27C4C0A800D5EFA4 /* ManagePictureCell.swift */,
			);
			path = ManagePicture;
			sourceTree = "<group>";
		};
		A5CACD8F27C4DE7200D5EFA4 /* SearchIngredient */ = {
			isa = PBXGroup;
			children = (
				A570524127C54D3C00131681 /* SearchIngredientViewController.swift */,
				A570524327C54DE700131681 /* SearchIngredientRootView.swift */,
				A56C918D27CBCD8D0035CD25 /* SearchHistoryRootView.swift */,
				A56C918F27CBCE000035CD25 /* SearchFavoriteRootView.swift */,
				A5C2920427CC8151004729D1 /* SearchHistoryCell.swift */,
			);
			path = SearchIngredient;
			sourceTree = "<group>";
		};
		A5CACD9727C4E07C00D5EFA4 /* DataLayer */ = {
			isa = PBXGroup;
			children = (
				A5CACDA327C4E17800D5EFA4 /* DataStore */,
				A5CACDA227C4E15300D5EFA4 /* DTO */,
			);
			path = DataLayer;
			sourceTree = "<group>";
		};
		A5CACD9A27C4E0A300D5EFA4 /* Domain */ = {
			isa = PBXGroup;
			children = (
				A5D0AAA727C3617E003E8681 /* ViewModel */,
				A5D0AAA827C36182003E8681 /* Repository */,
				A542AD6927C388ED00899B89 /* Model */,
			);
			path = Domain;
			sourceTree = "<group>";
		};
		A5CACD9F27C4E0E900D5EFA4 /* Implementation */ = {
			isa = PBXGroup;
			children = (
				A5CACD9827C4E09C00D5EFA4 /* StorageSearchHistoryDataStore.swift */,
				A5C2921427CCFBDA004729D1 /* StorageFavoriteBoardDataStore.swift */,
			);
			path = Implementation;
			sourceTree = "<group>";
		};
		A5CACDA027C4E0FA00D5EFA4 /* Implementation */ = {
			isa = PBXGroup;
			children = (
				A5CACDA127C4E12100D5EFA4 /* FakeRepositories */,
				A5202FA427C3D77D003B6F3B /* DefaultPictureIngredientRepository.swift */,
				A5CACD9527C4E03400D5EFA4 /* DefaultSearchHistoryRepository.swift */,
				A5C2921A27CCFDFD004729D1 /* DefaultFavoriteBoardRepository.swift */,
			);
			path = Implementation;
			sourceTree = "<group>";
		};
		A5CACDA127C4E12100D5EFA4 /* FakeRepositories */ = {
			isa = PBXGroup;
			children = (
				A5202FA927C3DA6E003B6F3B /* FakePictureIngredientRepository.swift */,
			);
			path = FakeRepositories;
			sourceTree = "<group>";
		};
		A5CACDA227C4E15300D5EFA4 /* DTO */ = {
			isa = PBXGroup;
			children = (
			);
			path = DTO;
			sourceTree = "<group>";
		};
		A5CACDA327C4E17800D5EFA4 /* DataStore */ = {
			isa = PBXGroup;
			children = (
				A5CACD9F27C4E0E900D5EFA4 /* Implementation */,
				A5CACD9D27C4E0E700D5EFA4 /* SearchHistoryDataStore.swift */,
				A5C2920C27CCBC7E004729D1 /* FavoriteBoardDataStore.swift */,
			);
			path = DataStore;
			sourceTree = "<group>";
		};
		A5CACDA627C4E1D600D5EFA4 /* CoreData */ = {
			isa = PBXGroup;
			children = (
				A570523427C52BC300131681 /* Entity */,
				A5CACDA727C4E1E500D5EFA4 /* CoreDataUtil.swift */,
				A570523727C52D7F00131681 /* CoreDataError.swift */,
				A570524927C55B8A00131681 /* CoreDataStorage.xcdatamodeld */,
			);
			path = CoreData;
			sourceTree = "<group>";
		};
		A5D0AAA027C35DF3003E8681 /* Reusable */ = {
			isa = PBXGroup;
			children = (
				A52271C027CA2CB9005F87CC /* CustomView */,
				A5D0AAB727C36E09003E8681 /* NiblessViewController.swift */,
				A542AD6527C3748200899B89 /* NiblessView.swift */,
				A5202FAE27C3DED6003B6F3B /* AlertMessagePresent.swift */,
			);
			path = Reusable;
			sourceTree = "<group>";
		};
		A5D0AAA427C36114003E8681 /* PictureIngredient */ = {
			isa = PBXGroup;
			children = (
				A5D0AAB927C37158003E8681 /* PictureIngredientViewController.swift */,
				A542AD6727C3885200899B89 /* PictureIngredientRootView.swift */,
				A5CACD8527C4BD3A00D5EFA4 /* ManagePicture */,
				A5CACD8F27C4DE7200D5EFA4 /* SearchIngredient */,
			);
			path = PictureIngredient;
			sourceTree = "<group>";
		};
		A5D0AAA727C3617E003E8681 /* ViewModel */ = {
			isa = PBXGroup;
			children = (
				A5C2921E27CCFF55004729D1 /* ErrorPublishable.swift */,
				A5D0AAAA27C361B3003E8681 /* PictureIngredientViewModel+Action.swift */,
				A570523927C544A900131681 /* SearchIngredientViewModel+Action.swift */,
				A5C2921027CCF40D004729D1 /* SearchHistoryViewModel.swift */,
				A5C2921227CCF594004729D1 /* SaveIngredientResponder.swift */,
				A5C2921C27CCFE83004729D1 /* FavoriteBoardViewModel.swift */,
			);
			path = ViewModel;
			sourceTree = "<group>";
		};
		A5D0AAA827C36182003E8681 /* Repository */ = {
			isa = PBXGroup;
			children = (
				A542AD7E27C3B8A600899B89 /* PictureIngredientRepository.swift */,
				A5CACD9127C4DF4E00D5EFA4 /* SearchHistoryRepository.swift */,
				A5C2921827CCFD99004729D1 /* FavoriteBoardRepository.swift */,
				A5CACDA027C4E0FA00D5EFA4 /* Implementation */,
			);
			path = Repository;
			sourceTree = "<group>";
		};
		A5D0AAAC27C36231003E8681 /* Dependencies */ = {
			isa = PBXGroup;
			children = (
				A5D0AAB527C36DF1003E8681 /* ReciptopiaDependencyContainer.swift */,
				A56C918927CB16E70035CD25 /* SearchIngredientDependencyContainer.swift */,
			);
			path = Dependencies;
			sourceTree = "<group>";
		};
		A5F69F1C27C29F63009CDB05 = {
			isa = PBXGroup;
			children = (
				A5F69F2727C29F63009CDB05 /* Reciptopia */,
				A5F6A07927C2AF09009CDB05 /* Reciptopia_iOS */,
				A5F6A08927C2AF1F009CDB05 /* Reciptopia_UIKit */,
				A5F6A09927C2AF2D009CDB05 /* ReciptopiaKit */,
				A5F69F2627C29F63009CDB05 /* Products */,
				A5F69F6927C2A0B4009CDB05 /* Frameworks */,
			);
			sourceTree = "<group>";
		};
		A5F69F2627C29F63009CDB05 /* Products */ = {
			isa = PBXGroup;
			children = (
				A5F69F2527C29F63009CDB05 /* Reciptopia.app */,
				A5F6A07827C2AF09009CDB05 /* Reciptopia_iOS.framework */,
				A5F6A08827C2AF1F009CDB05 /* Reciptopia_UIKit.framework */,
				A5F6A09827C2AF2D009CDB05 /* ReciptopiaKit.framework */,
			);
			name = Products;
			sourceTree = "<group>";
		};
		A5F69F2727C29F63009CDB05 /* Reciptopia */ = {
			isa = PBXGroup;
			children = (
				A5F69F2827C29F63009CDB05 /* AppDelegate.swift */,
				A5F69F3127C29F64009CDB05 /* Assets.xcassets */,
				A5F69F3327C29F64009CDB05 /* LaunchScreen.storyboard */,
				A5F69F3627C29F64009CDB05 /* Info.plist */,
			);
			path = Reciptopia;
			sourceTree = "<group>";
		};
		A5F69F6927C2A0B4009CDB05 /* Frameworks */ = {
			isa = PBXGroup;
			children = (
			);
			name = Frameworks;
			sourceTree = "<group>";
		};
		A5F6A07927C2AF09009CDB05 /* Reciptopia_iOS */ = {
			isa = PBXGroup;
			children = (
				A5F6A07A27C2AF09009CDB05 /* Reciptopia_iOS.h */,
				A5D0AAAC27C36231003E8681 /* Dependencies */,
				A5C3A3D327C3F7E000A2C428 /* Profile */,
				A5D0AAA427C36114003E8681 /* PictureIngredient */,
			);
			path = Reciptopia_iOS;
			sourceTree = "<group>";
		};
		A5F6A08927C2AF1F009CDB05 /* Reciptopia_UIKit */ = {
			isa = PBXGroup;
			children = (
				A5F6A08A27C2AF1F009CDB05 /* Reciptopia_UIKit.h */,
				A582C14327C40227005B3469 /* Extension */,
				A5D0AAA027C35DF3003E8681 /* Reusable */,
			);
			path = Reciptopia_UIKit;
			sourceTree = "<group>";
		};
		A5F6A09927C2AF2D009CDB05 /* ReciptopiaKit */ = {
			isa = PBXGroup;
			children = (
				A5F6A09A27C2AF2D009CDB05 /* ReciptopiaKit.h */,
				A5CACD9A27C4E0A300D5EFA4 /* Domain */,
				A5CACD9727C4E07C00D5EFA4 /* DataLayer */,
				A542AD6D27C3895900899B89 /* Utility */,
			);
			path = ReciptopiaKit;
			sourceTree = "<group>";
		};
/* End PBXGroup section */

/* Begin PBXHeadersBuildPhase section */
		A5F6A07327C2AF09009CDB05 /* Headers */ = {
			isa = PBXHeadersBuildPhase;
			buildActionMask = 2147483647;
			files = (
				A5F6A07B27C2AF09009CDB05 /* Reciptopia_iOS.h in Headers */,
			);
			runOnlyForDeploymentPostprocessing = 0;
		};
		A5F6A08327C2AF1F009CDB05 /* Headers */ = {
			isa = PBXHeadersBuildPhase;
			buildActionMask = 2147483647;
			files = (
				A5F6A08B27C2AF1F009CDB05 /* Reciptopia_UIKit.h in Headers */,
			);
			runOnlyForDeploymentPostprocessing = 0;
		};
		A5F6A09327C2AF2D009CDB05 /* Headers */ = {
			isa = PBXHeadersBuildPhase;
			buildActionMask = 2147483647;
			files = (
				A5F6A09B27C2AF2D009CDB05 /* ReciptopiaKit.h in Headers */,
			);
			runOnlyForDeploymentPostprocessing = 0;
		};
/* End PBXHeadersBuildPhase section */

/* Begin PBXNativeTarget section */
		A5F69F2427C29F63009CDB05 /* Reciptopia */ = {
			isa = PBXNativeTarget;
			buildConfigurationList = A5F69F3927C29F64009CDB05 /* Build configuration list for PBXNativeTarget "Reciptopia" */;
			buildPhases = (
				A5F69F2127C29F63009CDB05 /* Sources */,
				A5F69F2227C29F63009CDB05 /* Frameworks */,
				A5F69F2327C29F63009CDB05 /* Resources */,
				A5F6A07027C2A38D009CDB05 /* Embed Frameworks */,
			);
			buildRules = (
			);
			dependencies = (
				A5CACD7C27C4A43C00D5EFA4 /* PBXTargetDependency */,
				A5CACD7E27C4A43C00D5EFA4 /* PBXTargetDependency */,
				A5F6A07D27C2AF09009CDB05 /* PBXTargetDependency */,
				A5F6A08D27C2AF1F009CDB05 /* PBXTargetDependency */,
				A5F6A09D27C2AF2D009CDB05 /* PBXTargetDependency */,
			);
			name = Reciptopia;
			packageProductDependencies = (
				A542AD5D27C3727100899B89 /* PromiseKit */,
				A5CACD7F27C4A44B00D5EFA4 /* SnapKit */,
			);
			productName = Reciptopia;
			productReference = A5F69F2527C29F63009CDB05 /* Reciptopia.app */;
			productType = "com.apple.product-type.application";
		};
		A5F6A07727C2AF09009CDB05 /* Reciptopia_iOS */ = {
			isa = PBXNativeTarget;
			buildConfigurationList = A5F6A08027C2AF09009CDB05 /* Build configuration list for PBXNativeTarget "Reciptopia_iOS" */;
			buildPhases = (
				A5F6A07327C2AF09009CDB05 /* Headers */,
				A5F6A07427C2AF09009CDB05 /* Sources */,
				A5F6A07527C2AF09009CDB05 /* Frameworks */,
				A5F6A07627C2AF09009CDB05 /* Resources */,
			);
			buildRules = (
			);
			dependencies = (
			);
			name = Reciptopia_iOS;
			packageProductDependencies = (
				A542AD5F27C3728E00899B89 /* PromiseKit */,
				A582C14727C40587005B3469 /* SnapKit */,
				A5CACD8227C4B29400D5EFA4 /* BSImagePicker */,
			);
			productName = Reciptopia_iOS;
			productReference = A5F6A07827C2AF09009CDB05 /* Reciptopia_iOS.framework */;
			productType = "com.apple.product-type.framework";
		};
		A5F6A08727C2AF1F009CDB05 /* Reciptopia_UIKit */ = {
			isa = PBXNativeTarget;
			buildConfigurationList = A5F6A09027C2AF1F009CDB05 /* Build configuration list for PBXNativeTarget "Reciptopia_UIKit" */;
			buildPhases = (
				A5F6A08327C2AF1F009CDB05 /* Headers */,
				A5F6A08427C2AF1F009CDB05 /* Sources */,
				A5F6A08527C2AF1F009CDB05 /* Frameworks */,
				A5F6A08627C2AF1F009CDB05 /* Resources */,
			);
			buildRules = (
			);
			dependencies = (
			);
			name = Reciptopia_UIKit;
			packageProductDependencies = (
				A542AD6127C3729300899B89 /* PromiseKit */,
			);
			productName = Reciptopia_UIKit;
			productReference = A5F6A08827C2AF1F009CDB05 /* Reciptopia_UIKit.framework */;
			productType = "com.apple.product-type.framework";
		};
		A5F6A09727C2AF2D009CDB05 /* ReciptopiaKit */ = {
			isa = PBXNativeTarget;
			buildConfigurationList = A5F6A0A027C2AF2D009CDB05 /* Build configuration list for PBXNativeTarget "ReciptopiaKit" */;
			buildPhases = (
				A5F6A09327C2AF2D009CDB05 /* Headers */,
				A5F6A09427C2AF2D009CDB05 /* Sources */,
				A5F6A09527C2AF2D009CDB05 /* Frameworks */,
				A5F6A09627C2AF2D009CDB05 /* Resources */,
			);
			buildRules = (
			);
			dependencies = (
			);
			name = ReciptopiaKit;
			packageProductDependencies = (
				A542AD6327C3729700899B89 /* PromiseKit */,
			);
			productName = ReciptopiaKit;
			productReference = A5F6A09827C2AF2D009CDB05 /* ReciptopiaKit.framework */;
			productType = "com.apple.product-type.framework";
		};
/* End PBXNativeTarget section */

/* Begin PBXProject section */
		A5F69F1D27C29F63009CDB05 /* Project object */ = {
			isa = PBXProject;
			attributes = {
				BuildIndependentTargetsInParallel = 1;
				LastSwiftUpdateCheck = 1320;
				LastUpgradeCheck = 1320;
				TargetAttributes = {
					A5F69F2427C29F63009CDB05 = {
						CreatedOnToolsVersion = 13.2.1;
					};
					A5F6A07727C2AF09009CDB05 = {
						CreatedOnToolsVersion = 13.2.1;
						LastSwiftMigration = 1320;
					};
					A5F6A08727C2AF1F009CDB05 = {
						CreatedOnToolsVersion = 13.2.1;
						LastSwiftMigration = 1320;
					};
					A5F6A09727C2AF2D009CDB05 = {
						CreatedOnToolsVersion = 13.2.1;
						LastSwiftMigration = 1320;
					};
				};
			};
			buildConfigurationList = A5F69F2027C29F63009CDB05 /* Build configuration list for PBXProject "Reciptopia" */;
			compatibilityVersion = "Xcode 13.0";
			developmentRegion = en;
			hasScannedForEncodings = 0;
			knownRegions = (
				en,
				Base,
			);
			mainGroup = A5F69F1C27C29F63009CDB05;
			packageReferences = (
				A542AD5C27C3727100899B89 /* XCRemoteSwiftPackageReference "PromiseKit" */,
				A582C14627C40587005B3469 /* XCRemoteSwiftPackageReference "snapkit" */,
				A5CACD8127C4B29400D5EFA4 /* XCRemoteSwiftPackageReference "BSImagePicker" */,
			);
			productRefGroup = A5F69F2627C29F63009CDB05 /* Products */;
			projectDirPath = "";
			projectRoot = "";
			targets = (
				A5F69F2427C29F63009CDB05 /* Reciptopia */,
				A5F6A07727C2AF09009CDB05 /* Reciptopia_iOS */,
				A5F6A08727C2AF1F009CDB05 /* Reciptopia_UIKit */,
				A5F6A09727C2AF2D009CDB05 /* ReciptopiaKit */,
			);
		};
/* End PBXProject section */

/* Begin PBXResourcesBuildPhase section */
		A5F69F2327C29F63009CDB05 /* Resources */ = {
			isa = PBXResourcesBuildPhase;
			buildActionMask = 2147483647;
			files = (
				A5F69F3527C29F64009CDB05 /* LaunchScreen.storyboard in Resources */,
				A5F69F3227C29F64009CDB05 /* Assets.xcassets in Resources */,
			);
			runOnlyForDeploymentPostprocessing = 0;
		};
		A5F6A07627C2AF09009CDB05 /* Resources */ = {
			isa = PBXResourcesBuildPhase;
			buildActionMask = 2147483647;
			files = (
			);
			runOnlyForDeploymentPostprocessing = 0;
		};
		A5F6A08627C2AF1F009CDB05 /* Resources */ = {
			isa = PBXResourcesBuildPhase;
			buildActionMask = 2147483647;
			files = (
			);
			runOnlyForDeploymentPostprocessing = 0;
		};
		A5F6A09627C2AF2D009CDB05 /* Resources */ = {
			isa = PBXResourcesBuildPhase;
			buildActionMask = 2147483647;
			files = (
			);
			runOnlyForDeploymentPostprocessing = 0;
		};
/* End PBXResourcesBuildPhase section */

/* Begin PBXSourcesBuildPhase section */
		A5F69F2127C29F63009CDB05 /* Sources */ = {
			isa = PBXSourcesBuildPhase;
			buildActionMask = 2147483647;
			files = (
				A523430427C55D1300906AFC /* CoreDataStorage.xcdatamodeld in Sources */,
				A5F69F2927C29F63009CDB05 /* AppDelegate.swift in Sources */,
			);
			runOnlyForDeploymentPostprocessing = 0;
		};
		A5F6A07427C2AF09009CDB05 /* Sources */ = {
			isa = PBXSourcesBuildPhase;
			buildActionMask = 2147483647;
			files = (
				A5CACD8D27C4C0A800D5EFA4 /* ManagePictureCell.swift in Sources */,
				A570524427C54DE700131681 /* SearchIngredientRootView.swift in Sources */,
				A56C918E27CBCD8D0035CD25 /* SearchHistoryRootView.swift in Sources */,
				A5CACD8B27C4BDE200D5EFA4 /* ManagePictureRootView.swift in Sources */,
				A56C919027CBCE000035CD25 /* SearchFavoriteRootView.swift in Sources */,
				A5D0AABA27C37158003E8681 /* PictureIngredientViewController.swift in Sources */,
				A542AD6827C3885200899B89 /* PictureIngredientRootView.swift in Sources */,
				A5C3A3D527C3F81400A2C428 /* ProfileViewController.swift in Sources */,
				A5C2920527CC8151004729D1 /* SearchHistoryCell.swift in Sources */,
				A56C918A27CB16E70035CD25 /* SearchIngredientDependencyContainer.swift in Sources */,
				A570524227C54D3C00131681 /* SearchIngredientViewController.swift in Sources */,
				A5CACD8927C4BD7B00D5EFA4 /* ManagePictureViewController.swift in Sources */,
				A5D0AAB627C36DF1003E8681 /* ReciptopiaDependencyContainer.swift in Sources */,
			);
			runOnlyForDeploymentPostprocessing = 0;
		};
		A5F6A08427C2AF1F009CDB05 /* Sources */ = {
			isa = PBXSourcesBuildPhase;
			buildActionMask = 2147483647;
			files = (
				A52271C227CA2CC9005F87CC /* IngredientCell.swift in Sources */,
				A5D0AAB827C36E09003E8681 /* NiblessViewController.swift in Sources */,
				A5C2920927CC89E9004729D1 /* FloatingButton.swift in Sources */,
				A5CACD7827C4A2A800D5EFA4 /* BackCameraView.swift in Sources */,
				A5735B0527C3FBA5003D6C30 /* UIButtonExtension.swift in Sources */,
				A582C14527C4023E005B3469 /* UIColorExtension.swift in Sources */,
				A56C919227CBD55C0035CD25 /* PagingSegmentedControl.swift in Sources */,
				A542AD6627C3748200899B89 /* NiblessView.swift in Sources */,
				A5202FAF27C3DED6003B6F3B /* AlertMessagePresent.swift in Sources */,
			);
			runOnlyForDeploymentPostprocessing = 0;
		};
		A5F6A09427C2AF2D009CDB05 /* Sources */ = {
			isa = PBXSourcesBuildPhase;
			buildActionMask = 2147483647;
			files = (
				A5CACD9627C4E03400D5EFA4 /* DefaultSearchHistoryRepository.swift in Sources */,
				A570523527C52CD300131681 /* HistoryEntity+CoreDataClass.swift in Sources */,
				A5C2921D27CCFE83004729D1 /* FavoriteBoardViewModel.swift in Sources */,
				A570524527C552F500131681 /* SearchIngredientViewModel+Action.swift in Sources */,
				A5202FA727C3D915003B6F3B /* Ingredient.swift in Sources */,
				A5C2921527CCFBDA004729D1 /* StorageFavoriteBoardDataStore.swift in Sources */,
				A5C2921727CCFD1B004729D1 /* FavoriteEntity+Mapping.swift in Sources */,
				A542AD7427C38A3000899B89 /* NetworkError.swift in Sources */,
				A5C2921927CCFD99004729D1 /* FavoriteBoardRepository.swift in Sources */,
				A5202FAA27C3DA6E003B6F3B /* FakePictureIngredientRepository.swift in Sources */,
				A570523627C52CDC00131681 /* HistoryEntity+CoreDataProperties.swift in Sources */,
				A542AD7927C38B1500899B89 /* Token.swift in Sources */,
				A5C2921F27CCFF55004729D1 /* ErrorPublishable.swift in Sources */,
				A5CACD9227C4DF4E00D5EFA4 /* SearchHistoryRepository.swift in Sources */,
				A5C2921B27CCFDFD004729D1 /* DefaultFavoriteBoardRepository.swift in Sources */,
				A5CACD9E27C4E0E700D5EFA4 /* SearchHistoryDataStore.swift in Sources */,
				A542AD7727C38AE200899B89 /* TokenUtil.swift in Sources */,
				A5C2921127CCF40D004729D1 /* SearchHistoryViewModel.swift in Sources */,
				A570523127C52BA300131681 /* FavoriteEntity+CoreDataClass.swift in Sources */,
				A570523827C52D7F00131681 /* CoreDataError.swift in Sources */,
				A542AD7127C3898200899B89 /* Network.swift in Sources */,
				A570522A27C52B0200131681 /* HistoryEntity+Mapping.swift in Sources */,
				A5C2920F27CCBCBC004729D1 /* Favorite.swift in Sources */,
				A5CACDA827C4E1E500D5EFA4 /* CoreDataUtil.swift in Sources */,
				A5C3A3D227C3F6F100A2C428 /* UserSession.swift in Sources */,
				A5202FB027C3E023003B6F3B /* AlertMessage.swift in Sources */,
				A5D0AAAB27C361B3003E8681 /* PictureIngredientViewModel+Action.swift in Sources */,
				A5CACD9427C4DF6C00D5EFA4 /* History.swift in Sources */,
				A570523227C52BA300131681 /* FavoriteEntity+CoreDataProperties.swift in Sources */,
				A5202FA527C3D77D003B6F3B /* DefaultPictureIngredientRepository.swift in Sources */,
				A5C2921327CCF594004729D1 /* SaveIngredientResponder.swift in Sources */,
				A5CACD9927C4E09C00D5EFA4 /* StorageSearchHistoryDataStore.swift in Sources */,
				A5C2920D27CCBC7E004729D1 /* FavoriteBoardDataStore.swift in Sources */,
				A542AD7F27C3B8A600899B89 /* PictureIngredientRepository.swift in Sources */,
			);
			runOnlyForDeploymentPostprocessing = 0;
		};
/* End PBXSourcesBuildPhase section */

/* Begin PBXTargetDependency section */
		A5CACD7C27C4A43C00D5EFA4 /* PBXTargetDependency */ = {
			isa = PBXTargetDependency;
			productRef = A5CACD7B27C4A43C00D5EFA4 /* PromiseKit */;
		};
		A5CACD7E27C4A43C00D5EFA4 /* PBXTargetDependency */ = {
			isa = PBXTargetDependency;
			productRef = A5CACD7D27C4A43C00D5EFA4 /* SnapKit */;
		};
		A5F6A07D27C2AF09009CDB05 /* PBXTargetDependency */ = {
			isa = PBXTargetDependency;
			target = A5F6A07727C2AF09009CDB05 /* Reciptopia_iOS */;
			targetProxy = A5F6A07C27C2AF09009CDB05 /* PBXContainerItemProxy */;
		};
		A5F6A08D27C2AF1F009CDB05 /* PBXTargetDependency */ = {
			isa = PBXTargetDependency;
			target = A5F6A08727C2AF1F009CDB05 /* Reciptopia_UIKit */;
			targetProxy = A5F6A08C27C2AF1F009CDB05 /* PBXContainerItemProxy */;
		};
		A5F6A09D27C2AF2D009CDB05 /* PBXTargetDependency */ = {
			isa = PBXTargetDependency;
			target = A5F6A09727C2AF2D009CDB05 /* ReciptopiaKit */;
			targetProxy = A5F6A09C27C2AF2D009CDB05 /* PBXContainerItemProxy */;
		};
/* End PBXTargetDependency section */

/* Begin PBXVariantGroup section */
		A5F69F3327C29F64009CDB05 /* LaunchScreen.storyboard */ = {
			isa = PBXVariantGroup;
			children = (
				A5F69F3427C29F64009CDB05 /* Base */,
			);
			name = LaunchScreen.storyboard;
			sourceTree = "<group>";
		};
/* End PBXVariantGroup section */

/* Begin XCBuildConfiguration section */
		A5F69F3727C29F64009CDB05 /* Debug */ = {
			isa = XCBuildConfiguration;
			buildSettings = {
				ALWAYS_EMBED_SWIFT_STANDARD_LIBRARIES = YES;
				ALWAYS_SEARCH_USER_PATHS = NO;
				CLANG_ANALYZER_NONNULL = YES;
				CLANG_ANALYZER_NUMBER_OBJECT_CONVERSION = YES_AGGRESSIVE;
				CLANG_CXX_LANGUAGE_STANDARD = "gnu++17";
				CLANG_CXX_LIBRARY = "libc++";
				CLANG_ENABLE_MODULES = YES;
				CLANG_ENABLE_OBJC_ARC = YES;
				CLANG_ENABLE_OBJC_WEAK = YES;
				CLANG_WARN_BLOCK_CAPTURE_AUTORELEASING = YES;
				CLANG_WARN_BOOL_CONVERSION = YES;
				CLANG_WARN_COMMA = YES;
				CLANG_WARN_CONSTANT_CONVERSION = YES;
				CLANG_WARN_DEPRECATED_OBJC_IMPLEMENTATIONS = YES;
				CLANG_WARN_DIRECT_OBJC_ISA_USAGE = YES_ERROR;
				CLANG_WARN_DOCUMENTATION_COMMENTS = YES;
				CLANG_WARN_EMPTY_BODY = YES;
				CLANG_WARN_ENUM_CONVERSION = YES;
				CLANG_WARN_INFINITE_RECURSION = YES;
				CLANG_WARN_INT_CONVERSION = YES;
				CLANG_WARN_NON_LITERAL_NULL_CONVERSION = YES;
				CLANG_WARN_OBJC_IMPLICIT_RETAIN_SELF = YES;
				CLANG_WARN_OBJC_LITERAL_CONVERSION = YES;
				CLANG_WARN_OBJC_ROOT_CLASS = YES_ERROR;
				CLANG_WARN_QUOTED_INCLUDE_IN_FRAMEWORK_HEADER = YES;
				CLANG_WARN_RANGE_LOOP_ANALYSIS = YES;
				CLANG_WARN_STRICT_PROTOTYPES = YES;
				CLANG_WARN_SUSPICIOUS_MOVE = YES;
				CLANG_WARN_UNGUARDED_AVAILABILITY = YES_AGGRESSIVE;
				CLANG_WARN_UNREACHABLE_CODE = YES;
				CLANG_WARN__DUPLICATE_METHOD_MATCH = YES;
				COPY_PHASE_STRIP = NO;
				DEBUG_INFORMATION_FORMAT = dwarf;
				ENABLE_STRICT_OBJC_MSGSEND = YES;
				ENABLE_TESTABILITY = YES;
				EXCLUDED_ARCHS = "";
				GCC_C_LANGUAGE_STANDARD = gnu11;
				GCC_DYNAMIC_NO_PIC = NO;
				GCC_NO_COMMON_BLOCKS = YES;
				GCC_OPTIMIZATION_LEVEL = 0;
				GCC_PREPROCESSOR_DEFINITIONS = (
					"DEBUG=1",
					"$(inherited)",
				);
				GCC_WARN_64_TO_32_BIT_CONVERSION = YES;
				GCC_WARN_ABOUT_RETURN_TYPE = YES_ERROR;
				GCC_WARN_UNDECLARED_SELECTOR = YES;
				GCC_WARN_UNINITIALIZED_AUTOS = YES_AGGRESSIVE;
				GCC_WARN_UNUSED_FUNCTION = YES;
				GCC_WARN_UNUSED_VARIABLE = YES;
				INFOPLIST_KEY_UIUserInterfaceStyle = Light;
				IPHONEOS_DEPLOYMENT_TARGET = 13.0;
				MTL_ENABLE_DEBUG_INFO = INCLUDE_SOURCE;
				MTL_FAST_MATH = YES;
				ONLY_ACTIVE_ARCH = YES;
				SDKROOT = iphoneos;
				SWIFT_ACTIVE_COMPILATION_CONDITIONS = DEBUG;
				SWIFT_OPTIMIZATION_LEVEL = "-Onone";
			};
			name = Debug;
		};
		A5F69F3827C29F64009CDB05 /* Release */ = {
			isa = XCBuildConfiguration;
			buildSettings = {
				ALWAYS_EMBED_SWIFT_STANDARD_LIBRARIES = YES;
				ALWAYS_SEARCH_USER_PATHS = NO;
				CLANG_ANALYZER_NONNULL = YES;
				CLANG_ANALYZER_NUMBER_OBJECT_CONVERSION = YES_AGGRESSIVE;
				CLANG_CXX_LANGUAGE_STANDARD = "gnu++17";
				CLANG_CXX_LIBRARY = "libc++";
				CLANG_ENABLE_MODULES = YES;
				CLANG_ENABLE_OBJC_ARC = YES;
				CLANG_ENABLE_OBJC_WEAK = YES;
				CLANG_WARN_BLOCK_CAPTURE_AUTORELEASING = YES;
				CLANG_WARN_BOOL_CONVERSION = YES;
				CLANG_WARN_COMMA = YES;
				CLANG_WARN_CONSTANT_CONVERSION = YES;
				CLANG_WARN_DEPRECATED_OBJC_IMPLEMENTATIONS = YES;
				CLANG_WARN_DIRECT_OBJC_ISA_USAGE = YES_ERROR;
				CLANG_WARN_DOCUMENTATION_COMMENTS = YES;
				CLANG_WARN_EMPTY_BODY = YES;
				CLANG_WARN_ENUM_CONVERSION = YES;
				CLANG_WARN_INFINITE_RECURSION = YES;
				CLANG_WARN_INT_CONVERSION = YES;
				CLANG_WARN_NON_LITERAL_NULL_CONVERSION = YES;
				CLANG_WARN_OBJC_IMPLICIT_RETAIN_SELF = YES;
				CLANG_WARN_OBJC_LITERAL_CONVERSION = YES;
				CLANG_WARN_OBJC_ROOT_CLASS = YES_ERROR;
				CLANG_WARN_QUOTED_INCLUDE_IN_FRAMEWORK_HEADER = YES;
				CLANG_WARN_RANGE_LOOP_ANALYSIS = YES;
				CLANG_WARN_STRICT_PROTOTYPES = YES;
				CLANG_WARN_SUSPICIOUS_MOVE = YES;
				CLANG_WARN_UNGUARDED_AVAILABILITY = YES_AGGRESSIVE;
				CLANG_WARN_UNREACHABLE_CODE = YES;
				CLANG_WARN__DUPLICATE_METHOD_MATCH = YES;
				COPY_PHASE_STRIP = NO;
				DEBUG_INFORMATION_FORMAT = "dwarf-with-dsym";
				ENABLE_NS_ASSERTIONS = NO;
				ENABLE_STRICT_OBJC_MSGSEND = YES;
				EXCLUDED_ARCHS = "";
				GCC_C_LANGUAGE_STANDARD = gnu11;
				GCC_NO_COMMON_BLOCKS = YES;
				GCC_WARN_64_TO_32_BIT_CONVERSION = YES;
				GCC_WARN_ABOUT_RETURN_TYPE = YES_ERROR;
				GCC_WARN_UNDECLARED_SELECTOR = YES;
				GCC_WARN_UNINITIALIZED_AUTOS = YES_AGGRESSIVE;
				GCC_WARN_UNUSED_FUNCTION = YES;
				GCC_WARN_UNUSED_VARIABLE = YES;
				INFOPLIST_KEY_UIUserInterfaceStyle = Light;
				IPHONEOS_DEPLOYMENT_TARGET = 13.0;
				MTL_ENABLE_DEBUG_INFO = NO;
				MTL_FAST_MATH = YES;
				ONLY_ACTIVE_ARCH = YES;
				SDKROOT = iphoneos;
				SWIFT_COMPILATION_MODE = wholemodule;
				SWIFT_OPTIMIZATION_LEVEL = "-O";
			};
			name = Release;
		};
		A5F69F3A27C29F64009CDB05 /* Debug */ = {
			isa = XCBuildConfiguration;
			buildSettings = {
				ALWAYS_EMBED_SWIFT_STANDARD_LIBRARIES = YES;
				ASSETCATALOG_COMPILER_APPICON_NAME = AppIcon;
				ASSETCATALOG_COMPILER_GLOBAL_ACCENT_COLOR_NAME = AccentColor;
				CODE_SIGN_STYLE = Automatic;
				CURRENT_PROJECT_VERSION = 1;
				DEVELOPMENT_TEAM = GTB6BR222W;
				GENERATE_INFOPLIST_FILE = YES;
				INFOPLIST_FILE = Reciptopia/Info.plist;
				INFOPLIST_KEY_UIApplicationSupportsIndirectInputEvents = YES;
				INFOPLIST_KEY_UILaunchStoryboardName = LaunchScreen;
				INFOPLIST_KEY_UISupportedInterfaceOrientations_iPad = "UIInterfaceOrientationPortrait UIInterfaceOrientationPortraitUpsideDown UIInterfaceOrientationLandscapeLeft UIInterfaceOrientationLandscapeRight";
				INFOPLIST_KEY_UISupportedInterfaceOrientations_iPhone = "UIInterfaceOrientationPortrait UIInterfaceOrientationLandscapeLeft UIInterfaceOrientationLandscapeRight";
				LD_RUNPATH_SEARCH_PATHS = (
					"$(inherited)",
					"@executable_path/Frameworks",
				);
				MARKETING_VERSION = 1.0;
				PRODUCT_BUNDLE_IDENTIFIER = com.Harry.Reciptopia;
				PRODUCT_NAME = "$(TARGET_NAME)";
				SWIFT_EMIT_LOC_STRINGS = YES;
				SWIFT_VERSION = 5.0;
				TARGETED_DEVICE_FAMILY = "1,2";
			};
			name = Debug;
		};
		A5F69F3B27C29F64009CDB05 /* Release */ = {
			isa = XCBuildConfiguration;
			buildSettings = {
				ALWAYS_EMBED_SWIFT_STANDARD_LIBRARIES = YES;
				ASSETCATALOG_COMPILER_APPICON_NAME = AppIcon;
				ASSETCATALOG_COMPILER_GLOBAL_ACCENT_COLOR_NAME = AccentColor;
				CODE_SIGN_STYLE = Automatic;
				CURRENT_PROJECT_VERSION = 1;
				DEVELOPMENT_TEAM = GTB6BR222W;
				GENERATE_INFOPLIST_FILE = YES;
				INFOPLIST_FILE = Reciptopia/Info.plist;
				INFOPLIST_KEY_UIApplicationSupportsIndirectInputEvents = YES;
				INFOPLIST_KEY_UILaunchStoryboardName = LaunchScreen;
				INFOPLIST_KEY_UISupportedInterfaceOrientations_iPad = "UIInterfaceOrientationPortrait UIInterfaceOrientationPortraitUpsideDown UIInterfaceOrientationLandscapeLeft UIInterfaceOrientationLandscapeRight";
				INFOPLIST_KEY_UISupportedInterfaceOrientations_iPhone = "UIInterfaceOrientationPortrait UIInterfaceOrientationLandscapeLeft UIInterfaceOrientationLandscapeRight";
				LD_RUNPATH_SEARCH_PATHS = (
					"$(inherited)",
					"@executable_path/Frameworks",
				);
				MARKETING_VERSION = 1.0;
				PRODUCT_BUNDLE_IDENTIFIER = com.Harry.Reciptopia;
				PRODUCT_NAME = "$(TARGET_NAME)";
				SWIFT_EMIT_LOC_STRINGS = YES;
				SWIFT_VERSION = 5.0;
				TARGETED_DEVICE_FAMILY = "1,2";
			};
			name = Release;
		};
		A5F6A08127C2AF09009CDB05 /* Debug */ = {
			isa = XCBuildConfiguration;
			buildSettings = {
				ALWAYS_EMBED_SWIFT_STANDARD_LIBRARIES = YES;
				CLANG_ENABLE_MODULES = YES;
				CODE_SIGN_STYLE = Automatic;
				CURRENT_PROJECT_VERSION = 1;
				DEFINES_MODULE = YES;
				DEVELOPMENT_TEAM = GTB6BR222W;
				DYLIB_COMPATIBILITY_VERSION = 1;
				DYLIB_CURRENT_VERSION = 1;
				DYLIB_INSTALL_NAME_BASE = "@rpath";
				GENERATE_INFOPLIST_FILE = YES;
				INFOPLIST_KEY_NSHumanReadableCopyright = "";
				INSTALL_PATH = "$(LOCAL_LIBRARY_DIR)/Frameworks";
				IPHONEOS_DEPLOYMENT_TARGET = 13.0;
				LD_RUNPATH_SEARCH_PATHS = (
					"$(inherited)",
					"@executable_path/Frameworks",
					"@loader_path/Frameworks",
				);
				MARKETING_VERSION = 1.0;
				PRODUCT_BUNDLE_IDENTIFIER = "com.Harry.Reciptopia-iOS";
				PRODUCT_NAME = "$(TARGET_NAME:c99extidentifier)";
				SKIP_INSTALL = YES;
				SWIFT_EMIT_LOC_STRINGS = YES;
				SWIFT_INSTALL_OBJC_HEADER = YES;
				SWIFT_OPTIMIZATION_LEVEL = "-Onone";
				SWIFT_VERSION = 5.0;
				TARGETED_DEVICE_FAMILY = "1,2";
				VERSIONING_SYSTEM = "apple-generic";
				VERSION_INFO_PREFIX = "";
			};
			name = Debug;
		};
		A5F6A08227C2AF09009CDB05 /* Release */ = {
			isa = XCBuildConfiguration;
			buildSettings = {
				ALWAYS_EMBED_SWIFT_STANDARD_LIBRARIES = YES;
				CLANG_ENABLE_MODULES = YES;
				CODE_SIGN_STYLE = Automatic;
				CURRENT_PROJECT_VERSION = 1;
				DEFINES_MODULE = YES;
				DEVELOPMENT_TEAM = GTB6BR222W;
				DYLIB_COMPATIBILITY_VERSION = 1;
				DYLIB_CURRENT_VERSION = 1;
				DYLIB_INSTALL_NAME_BASE = "@rpath";
				GENERATE_INFOPLIST_FILE = YES;
				INFOPLIST_KEY_NSHumanReadableCopyright = "";
				INSTALL_PATH = "$(LOCAL_LIBRARY_DIR)/Frameworks";
				IPHONEOS_DEPLOYMENT_TARGET = 13.0;
				LD_RUNPATH_SEARCH_PATHS = (
					"$(inherited)",
					"@executable_path/Frameworks",
					"@loader_path/Frameworks",
				);
				MARKETING_VERSION = 1.0;
				PRODUCT_BUNDLE_IDENTIFIER = "com.Harry.Reciptopia-iOS";
				PRODUCT_NAME = "$(TARGET_NAME:c99extidentifier)";
				SKIP_INSTALL = YES;
				SWIFT_EMIT_LOC_STRINGS = YES;
				SWIFT_INSTALL_OBJC_HEADER = YES;
				SWIFT_VERSION = 5.0;
				TARGETED_DEVICE_FAMILY = "1,2";
				VERSIONING_SYSTEM = "apple-generic";
				VERSION_INFO_PREFIX = "";
			};
			name = Release;
		};
		A5F6A09127C2AF1F009CDB05 /* Debug */ = {
			isa = XCBuildConfiguration;
			buildSettings = {
				ALWAYS_EMBED_SWIFT_STANDARD_LIBRARIES = YES;
				CLANG_ENABLE_MODULES = YES;
				CODE_SIGN_STYLE = Automatic;
				CURRENT_PROJECT_VERSION = 1;
				DEFINES_MODULE = YES;
				DEVELOPMENT_TEAM = GTB6BR222W;
				DYLIB_COMPATIBILITY_VERSION = 1;
				DYLIB_CURRENT_VERSION = 1;
				DYLIB_INSTALL_NAME_BASE = "@rpath";
				GENERATE_INFOPLIST_FILE = YES;
				INFOPLIST_KEY_NSHumanReadableCopyright = "";
				INSTALL_PATH = "$(LOCAL_LIBRARY_DIR)/Frameworks";
				IPHONEOS_DEPLOYMENT_TARGET = 13.0;
				LD_RUNPATH_SEARCH_PATHS = (
					"$(inherited)",
					"@executable_path/Frameworks",
					"@loader_path/Frameworks",
				);
				MARKETING_VERSION = 1.0;
				PRODUCT_BUNDLE_IDENTIFIER = "com.Harry.Reciptopia-UIKit";
				PRODUCT_NAME = "$(TARGET_NAME:c99extidentifier)";
				SKIP_INSTALL = YES;
				SWIFT_EMIT_LOC_STRINGS = YES;
				SWIFT_INSTALL_OBJC_HEADER = YES;
				SWIFT_OPTIMIZATION_LEVEL = "-Onone";
				SWIFT_VERSION = 5.0;
				TARGETED_DEVICE_FAMILY = "1,2";
				VERSIONING_SYSTEM = "apple-generic";
				VERSION_INFO_PREFIX = "";
			};
			name = Debug;
		};
		A5F6A09227C2AF1F009CDB05 /* Release */ = {
			isa = XCBuildConfiguration;
			buildSettings = {
				ALWAYS_EMBED_SWIFT_STANDARD_LIBRARIES = YES;
				CLANG_ENABLE_MODULES = YES;
				CODE_SIGN_STYLE = Automatic;
				CURRENT_PROJECT_VERSION = 1;
				DEFINES_MODULE = YES;
				DEVELOPMENT_TEAM = GTB6BR222W;
				DYLIB_COMPATIBILITY_VERSION = 1;
				DYLIB_CURRENT_VERSION = 1;
				DYLIB_INSTALL_NAME_BASE = "@rpath";
				GENERATE_INFOPLIST_FILE = YES;
				INFOPLIST_KEY_NSHumanReadableCopyright = "";
				INSTALL_PATH = "$(LOCAL_LIBRARY_DIR)/Frameworks";
				IPHONEOS_DEPLOYMENT_TARGET = 13.0;
				LD_RUNPATH_SEARCH_PATHS = (
					"$(inherited)",
					"@executable_path/Frameworks",
					"@loader_path/Frameworks",
				);
				MARKETING_VERSION = 1.0;
				PRODUCT_BUNDLE_IDENTIFIER = "com.Harry.Reciptopia-UIKit";
				PRODUCT_NAME = "$(TARGET_NAME:c99extidentifier)";
				SKIP_INSTALL = YES;
				SWIFT_EMIT_LOC_STRINGS = YES;
				SWIFT_INSTALL_OBJC_HEADER = YES;
				SWIFT_VERSION = 5.0;
				TARGETED_DEVICE_FAMILY = "1,2";
				VERSIONING_SYSTEM = "apple-generic";
				VERSION_INFO_PREFIX = "";
			};
			name = Release;
		};
		A5F6A0A127C2AF2D009CDB05 /* Debug */ = {
			isa = XCBuildConfiguration;
			buildSettings = {
				ALWAYS_EMBED_SWIFT_STANDARD_LIBRARIES = YES;
				CLANG_ENABLE_MODULES = YES;
				CODE_SIGN_STYLE = Automatic;
				CURRENT_PROJECT_VERSION = 1;
				DEFINES_MODULE = YES;
				DEVELOPMENT_TEAM = GTB6BR222W;
				DYLIB_COMPATIBILITY_VERSION = 1;
				DYLIB_CURRENT_VERSION = 1;
				DYLIB_INSTALL_NAME_BASE = "@rpath";
				GENERATE_INFOPLIST_FILE = YES;
				INFOPLIST_KEY_NSHumanReadableCopyright = "";
				INSTALL_PATH = "$(LOCAL_LIBRARY_DIR)/Frameworks";
				IPHONEOS_DEPLOYMENT_TARGET = 13.0;
				LD_RUNPATH_SEARCH_PATHS = (
					"$(inherited)",
					"@executable_path/Frameworks",
					"@loader_path/Frameworks",
				);
				MARKETING_VERSION = 1.0;
				PRODUCT_BUNDLE_IDENTIFIER = com.Harry.ReciptopiaKit;
				PRODUCT_NAME = "$(TARGET_NAME:c99extidentifier)";
				SKIP_INSTALL = YES;
				SWIFT_EMIT_LOC_STRINGS = YES;
				SWIFT_INSTALL_OBJC_HEADER = YES;
				SWIFT_OPTIMIZATION_LEVEL = "-Onone";
				SWIFT_VERSION = 5.0;
				TARGETED_DEVICE_FAMILY = "1,2";
				VERSIONING_SYSTEM = "apple-generic";
				VERSION_INFO_PREFIX = "";
			};
			name = Debug;
		};
		A5F6A0A227C2AF2D009CDB05 /* Release */ = {
			isa = XCBuildConfiguration;
			buildSettings = {
				ALWAYS_EMBED_SWIFT_STANDARD_LIBRARIES = YES;
				CLANG_ENABLE_MODULES = YES;
				CODE_SIGN_STYLE = Automatic;
				CURRENT_PROJECT_VERSION = 1;
				DEFINES_MODULE = YES;
				DEVELOPMENT_TEAM = GTB6BR222W;
				DYLIB_COMPATIBILITY_VERSION = 1;
				DYLIB_CURRENT_VERSION = 1;
				DYLIB_INSTALL_NAME_BASE = "@rpath";
				GENERATE_INFOPLIST_FILE = YES;
				INFOPLIST_KEY_NSHumanReadableCopyright = "";
				INSTALL_PATH = "$(LOCAL_LIBRARY_DIR)/Frameworks";
				IPHONEOS_DEPLOYMENT_TARGET = 13.0;
				LD_RUNPATH_SEARCH_PATHS = (
					"$(inherited)",
					"@executable_path/Frameworks",
					"@loader_path/Frameworks",
				);
				MARKETING_VERSION = 1.0;
				PRODUCT_BUNDLE_IDENTIFIER = com.Harry.ReciptopiaKit;
				PRODUCT_NAME = "$(TARGET_NAME:c99extidentifier)";
				SKIP_INSTALL = YES;
				SWIFT_EMIT_LOC_STRINGS = YES;
				SWIFT_INSTALL_OBJC_HEADER = YES;
				SWIFT_VERSION = 5.0;
				TARGETED_DEVICE_FAMILY = "1,2";
				VERSIONING_SYSTEM = "apple-generic";
				VERSION_INFO_PREFIX = "";
			};
			name = Release;
		};
/* End XCBuildConfiguration section */

/* Begin XCConfigurationList section */
		A5F69F2027C29F63009CDB05 /* Build configuration list for PBXProject "Reciptopia" */ = {
			isa = XCConfigurationList;
			buildConfigurations = (
				A5F69F3727C29F64009CDB05 /* Debug */,
				A5F69F3827C29F64009CDB05 /* Release */,
			);
			defaultConfigurationIsVisible = 0;
			defaultConfigurationName = Release;
		};
		A5F69F3927C29F64009CDB05 /* Build configuration list for PBXNativeTarget "Reciptopia" */ = {
			isa = XCConfigurationList;
			buildConfigurations = (
				A5F69F3A27C29F64009CDB05 /* Debug */,
				A5F69F3B27C29F64009CDB05 /* Release */,
			);
			defaultConfigurationIsVisible = 0;
			defaultConfigurationName = Release;
		};
		A5F6A08027C2AF09009CDB05 /* Build configuration list for PBXNativeTarget "Reciptopia_iOS" */ = {
			isa = XCConfigurationList;
			buildConfigurations = (
				A5F6A08127C2AF09009CDB05 /* Debug */,
				A5F6A08227C2AF09009CDB05 /* Release */,
			);
			defaultConfigurationIsVisible = 0;
			defaultConfigurationName = Release;
		};
		A5F6A09027C2AF1F009CDB05 /* Build configuration list for PBXNativeTarget "Reciptopia_UIKit" */ = {
			isa = XCConfigurationList;
			buildConfigurations = (
				A5F6A09127C2AF1F009CDB05 /* Debug */,
				A5F6A09227C2AF1F009CDB05 /* Release */,
			);
			defaultConfigurationIsVisible = 0;
			defaultConfigurationName = Release;
		};
		A5F6A0A027C2AF2D009CDB05 /* Build configuration list for PBXNativeTarget "ReciptopiaKit" */ = {
			isa = XCConfigurationList;
			buildConfigurations = (
				A5F6A0A127C2AF2D009CDB05 /* Debug */,
				A5F6A0A227C2AF2D009CDB05 /* Release */,
			);
			defaultConfigurationIsVisible = 0;
			defaultConfigurationName = Release;
		};
/* End XCConfigurationList section */

/* Begin XCRemoteSwiftPackageReference section */
		A542AD5C27C3727100899B89 /* XCRemoteSwiftPackageReference "PromiseKit" */ = {
			isa = XCRemoteSwiftPackageReference;
			repositoryURL = "https://github.com/mxcl/PromiseKit";
			requirement = {
				kind = upToNextMajorVersion;
				minimumVersion = 6.0.0;
			};
		};
		A582C14627C40587005B3469 /* XCRemoteSwiftPackageReference "snapkit" */ = {
			isa = XCRemoteSwiftPackageReference;
			repositoryURL = "https://github.com/snapkit/snapkit";
			requirement = {
				kind = upToNextMajorVersion;
				minimumVersion = 5.0.0;
			};
		};
		A5CACD8127C4B29400D5EFA4 /* XCRemoteSwiftPackageReference "BSImagePicker" */ = {
			isa = XCRemoteSwiftPackageReference;
			repositoryURL = "https://github.com/mikaoj/BSImagePicker.git";
			requirement = {
				kind = upToNextMajorVersion;
				minimumVersion = 3.0.0;
			};
		};
/* End XCRemoteSwiftPackageReference section */

/* Begin XCSwiftPackageProductDependency section */
		A542AD5D27C3727100899B89 /* PromiseKit */ = {
			isa = XCSwiftPackageProductDependency;
			package = A542AD5C27C3727100899B89 /* XCRemoteSwiftPackageReference "PromiseKit" */;
			productName = PromiseKit;
		};
		A542AD5F27C3728E00899B89 /* PromiseKit */ = {
			isa = XCSwiftPackageProductDependency;
			package = A542AD5C27C3727100899B89 /* XCRemoteSwiftPackageReference "PromiseKit" */;
			productName = PromiseKit;
		};
		A542AD6127C3729300899B89 /* PromiseKit */ = {
			isa = XCSwiftPackageProductDependency;
			package = A542AD5C27C3727100899B89 /* XCRemoteSwiftPackageReference "PromiseKit" */;
			productName = PromiseKit;
		};
		A542AD6327C3729700899B89 /* PromiseKit */ = {
			isa = XCSwiftPackageProductDependency;
			package = A542AD5C27C3727100899B89 /* XCRemoteSwiftPackageReference "PromiseKit" */;
			productName = PromiseKit;
		};
		A582C14727C40587005B3469 /* SnapKit */ = {
			isa = XCSwiftPackageProductDependency;
			package = A582C14627C40587005B3469 /* XCRemoteSwiftPackageReference "snapkit" */;
			productName = SnapKit;
		};
		A5CACD7B27C4A43C00D5EFA4 /* PromiseKit */ = {
			isa = XCSwiftPackageProductDependency;
			package = A542AD5C27C3727100899B89 /* XCRemoteSwiftPackageReference "PromiseKit" */;
			productName = PromiseKit;
		};
		A5CACD7D27C4A43C00D5EFA4 /* SnapKit */ = {
			isa = XCSwiftPackageProductDependency;
			package = A582C14627C40587005B3469 /* XCRemoteSwiftPackageReference "snapkit" */;
			productName = SnapKit;
		};
		A5CACD7F27C4A44B00D5EFA4 /* SnapKit */ = {
			isa = XCSwiftPackageProductDependency;
			package = A582C14627C40587005B3469 /* XCRemoteSwiftPackageReference "snapkit" */;
			productName = SnapKit;
		};
		A5CACD8227C4B29400D5EFA4 /* BSImagePicker */ = {
			isa = XCSwiftPackageProductDependency;
			package = A5CACD8127C4B29400D5EFA4 /* XCRemoteSwiftPackageReference "BSImagePicker" */;
			productName = BSImagePicker;
		};
/* End XCSwiftPackageProductDependency section */

/* Begin XCVersionGroup section */
		A570524927C55B8A00131681 /* CoreDataStorage.xcdatamodeld */ = {
			isa = XCVersionGroup;
			children = (
				A570524A27C55B8A00131681 /* History.xcdatamodel */,
				A570524B27C55B8A00131681 /* CoreDataStorage.xcdatamodel */,
				A570524C27C55B8A00131681 /* History copy.xcdatamodel */,
			);
			currentVersion = A570524B27C55B8A00131681 /* CoreDataStorage.xcdatamodel */;
			path = CoreDataStorage.xcdatamodeld;
			sourceTree = "<group>";
			versionGroupType = wrapper.xcdatamodel;
		};
/* End XCVersionGroup section */
	};
	rootObject = A5F69F1D27C29F63009CDB05 /* Project object */;
}
