{
  "object": {
    "pins": [
      {
        "package": "PromiseKit",
        "repositoryURL": "https://github.com/mxcl/PromiseKit",
        "state": {
          "branch": null,
          "revision": "7b07b214dacecb22ca4b680531c7e981d52483f9",
          "version": "6.16.3"
        }
      },
      {
        "package": "SnapKit",
        "repositoryURL": "https://github.com/snapkit/snapkit",
        "state": {
          "branch": null,
          "revision": "d458564516e5676af9c70b4f4b2a9178294f1bc6",
          "version": "5.0.1"
        }
      }
    ]
  },
  "version": 1
}
